// !$*UTF8*$!
{
	archiveVersion = 1;
	classes = {
	};
	objectVersion = 46;
	objects = {

/* Begin PBXBuildFile section */
		045AFACD271346AE2D9BD2B3 /* Pods.framework in Frameworks */ = {isa = PBXBuildFile; fileRef = 66F11AFCE85C47BAC9028933 /* Pods.framework */; };
		604245971C252EAC00E79919 /* SearchTableViewController.swift in Sources */ = {isa = PBXBuildFile; fileRef = 604245961C252EAC00E79919 /* SearchTableViewController.swift */; };
		604245A71C2532BF00E79919 /* BaseTableViewController.swift in Sources */ = {isa = PBXBuildFile; fileRef = 604245A61C2532BF00E79919 /* BaseTableViewController.swift */; };
		604367191C51F6C50012AC18 /* BaseNetworkRequest.swift in Sources */ = {isa = PBXBuildFile; fileRef = 604367181C51F6C50012AC18 /* BaseNetworkRequest.swift */; };
		604B2F811C173225005EB9D0 /* MainViewController.swift in Sources */ = {isa = PBXBuildFile; fileRef = 604B2F801C173225005EB9D0 /* MainViewController.swift */; };
		604B2F971C1737B6005EB9D0 /* DetailViewController.swift in Sources */ = {isa = PBXBuildFile; fileRef = 604B2F961C1737B6005EB9D0 /* DetailViewController.swift */; };
		604B2F9D1C173ACE005EB9D0 /* ProfileViewController.swift in Sources */ = {isa = PBXBuildFile; fileRef = 604B2F9C1C173ACE005EB9D0 /* ProfileViewController.swift */; };
		6072C29C1C303A3600ECF780 /* LikedTableViewController.swift in Sources */ = {isa = PBXBuildFile; fileRef = 6072C29B1C303A3600ECF780 /* LikedTableViewController.swift */; };
		6072C29E1C303A5000ECF780 /* PostTableViewController.swift in Sources */ = {isa = PBXBuildFile; fileRef = 6072C29D1C303A5000ECF780 /* PostTableViewController.swift */; };
		607FC4E41C2911B50046CEF3 /* RWDropdownMenu.m in Sources */ = {isa = PBXBuildFile; fileRef = 607FC4DF1C2911B50046CEF3 /* RWDropdownMenu.m */; };
		607FC4E51C2911B50046CEF3 /* RWDropdownMenuCell.m in Sources */ = {isa = PBXBuildFile; fileRef = 607FC4E11C2911B50046CEF3 /* RWDropdownMenuCell.m */; };
		607FC4E61C2911B50046CEF3 /* RWDropdownMenuTransitionController.m in Sources */ = {isa = PBXBuildFile; fileRef = 607FC4E31C2911B50046CEF3 /* RWDropdownMenuTransitionController.m */; };
		607FC4F61C2A86030046CEF3 /* CMPopTipView.m in Sources */ = {isa = PBXBuildFile; fileRef = 607FC4F51C2A86030046CEF3 /* CMPopTipView.m */; };
		607FC4FD1C2E69EE0046CEF3 /* SCImagePanScrollBarView.m in Sources */ = {isa = PBXBuildFile; fileRef = 607FC4F91C2E69EE0046CEF3 /* SCImagePanScrollBarView.m */; };
		607FC4FE1C2E69EE0046CEF3 /* SCImagePanViewController.m in Sources */ = {isa = PBXBuildFile; fileRef = 607FC4FB1C2E69EE0046CEF3 /* SCImagePanViewController.m */; };
		6087B1B81C58AA3800944C44 /* CreditViewController.swift in Sources */ = {isa = PBXBuildFile; fileRef = 6087B1B71C58AA3800944C44 /* CreditViewController.swift */; };
		60C341FD1C42A10C00270E06 /* MJRefreshAutoFooter.m in Sources */ = {isa = PBXBuildFile; fileRef = 60C341D31C42A10C00270E06 /* MJRefreshAutoFooter.m */; };
		60C341FE1C42A10C00270E06 /* MJRefreshBackFooter.m in Sources */ = {isa = PBXBuildFile; fileRef = 60C341D51C42A10C00270E06 /* MJRefreshBackFooter.m */; };
		60C341FF1C42A10C00270E06 /* MJRefreshComponent.m in Sources */ = {isa = PBXBuildFile; fileRef = 60C341D71C42A10C00270E06 /* MJRefreshComponent.m */; };
		60C342001C42A10C00270E06 /* MJRefreshFooter.m in Sources */ = {isa = PBXBuildFile; fileRef = 60C341D91C42A10C00270E06 /* MJRefreshFooter.m */; };
		60C342011C42A10C00270E06 /* MJRefreshHeader.m in Sources */ = {isa = PBXBuildFile; fileRef = 60C341DB1C42A10C00270E06 /* MJRefreshHeader.m */; };
		60C342021C42A10C00270E06 /* MJRefreshAutoGifFooter.m in Sources */ = {isa = PBXBuildFile; fileRef = 60C341E01C42A10C00270E06 /* MJRefreshAutoGifFooter.m */; };
		60C342031C42A10C00270E06 /* MJRefreshAutoNormalFooter.m in Sources */ = {isa = PBXBuildFile; fileRef = 60C341E21C42A10C00270E06 /* MJRefreshAutoNormalFooter.m */; };
		60C342041C42A10C00270E06 /* MJRefreshAutoStateFooter.m in Sources */ = {isa = PBXBuildFile; fileRef = 60C341E41C42A10C00270E06 /* MJRefreshAutoStateFooter.m */; };
		60C342051C42A10C00270E06 /* MJRefreshBackGifFooter.m in Sources */ = {isa = PBXBuildFile; fileRef = 60C341E71C42A10C00270E06 /* MJRefreshBackGifFooter.m */; };
		60C342061C42A10C00270E06 /* MJRefreshBackNormalFooter.m in Sources */ = {isa = PBXBuildFile; fileRef = 60C341E91C42A10C00270E06 /* MJRefreshBackNormalFooter.m */; };
		60C342071C42A10C00270E06 /* MJRefreshBackStateFooter.m in Sources */ = {isa = PBXBuildFile; fileRef = 60C341EB1C42A10C00270E06 /* MJRefreshBackStateFooter.m */; };
		60C342081C42A10C00270E06 /* MJRefreshGifHeader.m in Sources */ = {isa = PBXBuildFile; fileRef = 60C341EE1C42A10C00270E06 /* MJRefreshGifHeader.m */; };
		60C342091C42A10C00270E06 /* MJRefreshNormalHeader.m in Sources */ = {isa = PBXBuildFile; fileRef = 60C341F01C42A10C00270E06 /* MJRefreshNormalHeader.m */; };
		60C3420A1C42A10C00270E06 /* MJRefreshStateHeader.m in Sources */ = {isa = PBXBuildFile; fileRef = 60C341F21C42A10C00270E06 /* MJRefreshStateHeader.m */; };
		60C3420B1C42A10C00270E06 /* MJRefresh.bundle in Resources */ = {isa = PBXBuildFile; fileRef = 60C341F31C42A10C00270E06 /* MJRefresh.bundle */; };
		60C3420C1C42A10C00270E06 /* MJRefreshConst.m in Sources */ = {isa = PBXBuildFile; fileRef = 60C341F61C42A10C00270E06 /* MJRefreshConst.m */; };
		60C3420D1C42A10C00270E06 /* UIScrollView+MJExtension.m in Sources */ = {isa = PBXBuildFile; fileRef = 60C341F81C42A10C00270E06 /* UIScrollView+MJExtension.m */; };
		60C3420E1C42A10C00270E06 /* UIScrollView+MJRefresh.m in Sources */ = {isa = PBXBuildFile; fileRef = 60C341FA1C42A10C00270E06 /* UIScrollView+MJRefresh.m */; };
		60C3420F1C42A10C00270E06 /* UIView+MJExtension.m in Sources */ = {isa = PBXBuildFile; fileRef = 60C341FC1C42A10C00270E06 /* UIView+MJExtension.m */; };
		60C558731C12E16600956D19 /* AppDelegate.swift in Sources */ = {isa = PBXBuildFile; fileRef = 60C558721C12E16600956D19 /* AppDelegate.swift */; };
		60C558781C12E16600956D19 /* Main.storyboard in Resources */ = {isa = PBXBuildFile; fileRef = 60C558761C12E16600956D19 /* Main.storyboard */; };
		60C5587A1C12E16600956D19 /* Assets.xcassets in Resources */ = {isa = PBXBuildFile; fileRef = 60C558791C12E16600956D19 /* Assets.xcassets */; };
		60C5587D1C12E16600956D19 /* LaunchScreen.storyboard in Resources */ = {isa = PBXBuildFile; fileRef = 60C5587B1C12E16600956D19 /* LaunchScreen.storyboard */; };
		60C558881C12E16600956D19 /* SpatterTests.swift in Sources */ = {isa = PBXBuildFile; fileRef = 60C558871C12E16600956D19 /* SpatterTests.swift */; };
		60C558931C12E16600956D19 /* SpatterUITests.swift in Sources */ = {isa = PBXBuildFile; fileRef = 60C558921C12E16600956D19 /* SpatterUITests.swift */; };
		60F16D5F1C33ADBD006DDF59 /* MKAnnotationView+WebCache.m in Sources */ = {isa = PBXBuildFile; fileRef = 60F16D3F1C33ADBD006DDF59 /* MKAnnotationView+WebCache.m */; };
		60F16D601C33ADBD006DDF59 /* NSData+ImageContentType.m in Sources */ = {isa = PBXBuildFile; fileRef = 60F16D411C33ADBD006DDF59 /* NSData+ImageContentType.m */; };
		60F16D611C33ADBD006DDF59 /* SDImageCache.m in Sources */ = {isa = PBXBuildFile; fileRef = 60F16D431C33ADBD006DDF59 /* SDImageCache.m */; };
		60F16D621C33ADBD006DDF59 /* SDWebImageCompat.m in Sources */ = {isa = PBXBuildFile; fileRef = 60F16D451C33ADBD006DDF59 /* SDWebImageCompat.m */; };
		60F16D631C33ADBD006DDF59 /* SDWebImageDecoder.m in Sources */ = {isa = PBXBuildFile; fileRef = 60F16D471C33ADBD006DDF59 /* SDWebImageDecoder.m */; };
		60F16D641C33ADBD006DDF59 /* SDWebImageDownloader.m in Sources */ = {isa = PBXBuildFile; fileRef = 60F16D491C33ADBD006DDF59 /* SDWebImageDownloader.m */; };
		60F16D651C33ADBD006DDF59 /* SDWebImageDownloaderOperation.m in Sources */ = {isa = PBXBuildFile; fileRef = 60F16D4B1C33ADBD006DDF59 /* SDWebImageDownloaderOperation.m */; };
		60F16D661C33ADBD006DDF59 /* SDWebImageManager.m in Sources */ = {isa = PBXBuildFile; fileRef = 60F16D4D1C33ADBD006DDF59 /* SDWebImageManager.m */; };
		60F16D671C33ADBD006DDF59 /* SDWebImagePrefetcher.m in Sources */ = {isa = PBXBuildFile; fileRef = 60F16D501C33ADBD006DDF59 /* SDWebImagePrefetcher.m */; };
		60F16D681C33ADBD006DDF59 /* UIButton+WebCache.m in Sources */ = {isa = PBXBuildFile; fileRef = 60F16D521C33ADBD006DDF59 /* UIButton+WebCache.m */; };
		60F16D691C33ADBD006DDF59 /* UIImage+GIF.m in Sources */ = {isa = PBXBuildFile; fileRef = 60F16D541C33ADBD006DDF59 /* UIImage+GIF.m */; };
		60F16D6A1C33ADBD006DDF59 /* UIImage+MultiFormat.m in Sources */ = {isa = PBXBuildFile; fileRef = 60F16D561C33ADBD006DDF59 /* UIImage+MultiFormat.m */; };
		60F16D6B1C33ADBD006DDF59 /* UIImage+WebP.m in Sources */ = {isa = PBXBuildFile; fileRef = 60F16D581C33ADBD006DDF59 /* UIImage+WebP.m */; };
		60F16D6C1C33ADBD006DDF59 /* UIImageView+HighlightedWebCache.m in Sources */ = {isa = PBXBuildFile; fileRef = 60F16D5A1C33ADBD006DDF59 /* UIImageView+HighlightedWebCache.m */; };
		60F16D6D1C33ADBD006DDF59 /* UIImageView+WebCache.m in Sources */ = {isa = PBXBuildFile; fileRef = 60F16D5C1C33ADBD006DDF59 /* UIImageView+WebCache.m */; };
		60F16D6E1C33ADBD006DDF59 /* UIView+WebCacheOperation.m in Sources */ = {isa = PBXBuildFile; fileRef = 60F16D5E1C33ADBD006DDF59 /* UIView+WebCacheOperation.m */; };
/* End PBXBuildFile section */

/* Begin PBXContainerItemProxy section */
		60C558841C12E16600956D19 /* PBXContainerItemProxy */ = {
			isa = PBXContainerItemProxy;
			containerPortal = 60C558671C12E16600956D19 /* Project object */;
			proxyType = 1;
			remoteGlobalIDString = 60C5586E1C12E16600956D19;
			remoteInfo = Spatter;
		};
		60C5588F1C12E16600956D19 /* PBXContainerItemProxy */ = {
			isa = PBXContainerItemProxy;
			containerPortal = 60C558671C12E16600956D19 /* Project object */;
			proxyType = 1;
			remoteGlobalIDString = 60C5586E1C12E16600956D19;
			remoteInfo = Spatter;
		};
/* End PBXContainerItemProxy section */

/* Begin PBXFileReference section */
		5A8DDFFF0F0D0174B6819301 /* Pods.release.xcconfig */ = {isa = PBXFileReference; includeInIndex = 1; lastKnownFileType = text.xcconfig; name = Pods.release.xcconfig; path = "Pods/Target Support Files/Pods/Pods.release.xcconfig"; sourceTree = "<group>"; };
		604245961C252EAC00E79919 /* SearchTableViewController.swift */ = {isa = PBXFileReference; fileEncoding = 4; lastKnownFileType = sourcecode.swift; path = SearchTableViewController.swift; sourceTree = "<group>"; };
		604245A61C2532BF00E79919 /* BaseTableViewController.swift */ = {isa = PBXFileReference; fileEncoding = 4; lastKnownFileType = sourcecode.swift; path = BaseTableViewController.swift; sourceTree = "<group>"; };
		604367181C51F6C50012AC18 /* BaseNetworkRequest.swift */ = {isa = PBXFileReference; fileEncoding = 4; lastKnownFileType = sourcecode.swift; path = BaseNetworkRequest.swift; sourceTree = "<group>"; };
		604B2F801C173225005EB9D0 /* MainViewController.swift */ = {isa = PBXFileReference; fileEncoding = 4; lastKnownFileType = sourcecode.swift; path = MainViewController.swift; sourceTree = "<group>"; };
		604B2F961C1737B6005EB9D0 /* DetailViewController.swift */ = {isa = PBXFileReference; fileEncoding = 4; lastKnownFileType = sourcecode.swift; path = DetailViewController.swift; sourceTree = "<group>"; };
		604B2F9C1C173ACE005EB9D0 /* ProfileViewController.swift */ = {isa = PBXFileReference; fileEncoding = 4; lastKnownFileType = sourcecode.swift; path = ProfileViewController.swift; sourceTree = "<group>"; };
		6072C29B1C303A3600ECF780 /* LikedTableViewController.swift */ = {isa = PBXFileReference; fileEncoding = 4; lastKnownFileType = sourcecode.swift; path = LikedTableViewController.swift; sourceTree = "<group>"; };
		6072C29D1C303A5000ECF780 /* PostTableViewController.swift */ = {isa = PBXFileReference; fileEncoding = 4; lastKnownFileType = sourcecode.swift; path = PostTableViewController.swift; sourceTree = "<group>"; };
		607FC4C71C28FB130046CEF3 /* Spatter-Bridging-Header.h */ = {isa = PBXFileReference; lastKnownFileType = sourcecode.c.h; path = "Spatter-Bridging-Header.h"; sourceTree = "<group>"; };
		607FC4DE1C2911B50046CEF3 /* RWDropdownMenu.h */ = {isa = PBXFileReference; fileEncoding = 4; lastKnownFileType = sourcecode.c.h; path = RWDropdownMenu.h; sourceTree = "<group>"; };
		607FC4DF1C2911B50046CEF3 /* RWDropdownMenu.m */ = {isa = PBXFileReference; fileEncoding = 4; lastKnownFileType = sourcecode.c.objc; path = RWDropdownMenu.m; sourceTree = "<group>"; };
		607FC4E01C2911B50046CEF3 /* RWDropdownMenuCell.h */ = {isa = PBXFileReference; fileEncoding = 4; lastKnownFileType = sourcecode.c.h; path = RWDropdownMenuCell.h; sourceTree = "<group>"; };
		607FC4E11C2911B50046CEF3 /* RWDropdownMenuCell.m */ = {isa = PBXFileReference; fileEncoding = 4; lastKnownFileType = sourcecode.c.objc; path = RWDropdownMenuCell.m; sourceTree = "<group>"; };
		607FC4E21C2911B50046CEF3 /* RWDropdownMenuTransitionController.h */ = {isa = PBXFileReference; fileEncoding = 4; lastKnownFileType = sourcecode.c.h; path = RWDropdownMenuTransitionController.h; sourceTree = "<group>"; };
		607FC4E31C2911B50046CEF3 /* RWDropdownMenuTransitionController.m */ = {isa = PBXFileReference; fileEncoding = 4; lastKnownFileType = sourcecode.c.objc; path = RWDropdownMenuTransitionController.m; sourceTree = "<group>"; };
		607FC4F41C2A86030046CEF3 /* CMPopTipView.h */ = {isa = PBXFileReference; fileEncoding = 4; lastKnownFileType = sourcecode.c.h; path = CMPopTipView.h; sourceTree = "<group>"; };
		607FC4F51C2A86030046CEF3 /* CMPopTipView.m */ = {isa = PBXFileReference; fileEncoding = 4; lastKnownFileType = sourcecode.c.objc; path = CMPopTipView.m; sourceTree = "<group>"; };
		607FC4F81C2E69EE0046CEF3 /* SCImagePanScrollBarView.h */ = {isa = PBXFileReference; fileEncoding = 4; lastKnownFileType = sourcecode.c.h; path = SCImagePanScrollBarView.h; sourceTree = "<group>"; };
		607FC4F91C2E69EE0046CEF3 /* SCImagePanScrollBarView.m */ = {isa = PBXFileReference; fileEncoding = 4; lastKnownFileType = sourcecode.c.objc; path = SCImagePanScrollBarView.m; sourceTree = "<group>"; };
		607FC4FA1C2E69EE0046CEF3 /* SCImagePanViewController.h */ = {isa = PBXFileReference; fileEncoding = 4; lastKnownFileType = sourcecode.c.h; path = SCImagePanViewController.h; sourceTree = "<group>"; };
		607FC4FB1C2E69EE0046CEF3 /* SCImagePanViewController.m */ = {isa = PBXFileReference; fileEncoding = 4; lastKnownFileType = sourcecode.c.objc; path = SCImagePanViewController.m; sourceTree = "<group>"; };
		6087B1B71C58AA3800944C44 /* CreditViewController.swift */ = {isa = PBXFileReference; fileEncoding = 4; lastKnownFileType = sourcecode.swift; path = CreditViewController.swift; sourceTree = "<group>"; };
		60C341D21C42A10C00270E06 /* MJRefreshAutoFooter.h */ = {isa = PBXFileReference; fileEncoding = 4; lastKnownFileType = sourcecode.c.h; path = MJRefreshAutoFooter.h; sourceTree = "<group>"; };
		60C341D31C42A10C00270E06 /* MJRefreshAutoFooter.m */ = {isa = PBXFileReference; fileEncoding = 4; lastKnownFileType = sourcecode.c.objc; path = MJRefreshAutoFooter.m; sourceTree = "<group>"; };
		60C341D41C42A10C00270E06 /* MJRefreshBackFooter.h */ = {isa = PBXFileReference; fileEncoding = 4; lastKnownFileType = sourcecode.c.h; path = MJRefreshBackFooter.h; sourceTree = "<group>"; };
		60C341D51C42A10C00270E06 /* MJRefreshBackFooter.m */ = {isa = PBXFileReference; fileEncoding = 4; lastKnownFileType = sourcecode.c.objc; path = MJRefreshBackFooter.m; sourceTree = "<group>"; };
		60C341D61C42A10C00270E06 /* MJRefreshComponent.h */ = {isa = PBXFileReference; fileEncoding = 4; lastKnownFileType = sourcecode.c.h; path = MJRefreshComponent.h; sourceTree = "<group>"; };
		60C341D71C42A10C00270E06 /* MJRefreshComponent.m */ = {isa = PBXFileReference; fileEncoding = 4; lastKnownFileType = sourcecode.c.objc; path = MJRefreshComponent.m; sourceTree = "<group>"; };
		60C341D81C42A10C00270E06 /* MJRefreshFooter.h */ = {isa = PBXFileReference; fileEncoding = 4; lastKnownFileType = sourcecode.c.h; path = MJRefreshFooter.h; sourceTree = "<group>"; };
		60C341D91C42A10C00270E06 /* MJRefreshFooter.m */ = {isa = PBXFileReference; fileEncoding = 4; lastKnownFileType = sourcecode.c.objc; path = MJRefreshFooter.m; sourceTree = "<group>"; };
		60C341DA1C42A10C00270E06 /* MJRefreshHeader.h */ = {isa = PBXFileReference; fileEncoding = 4; lastKnownFileType = sourcecode.c.h; path = MJRefreshHeader.h; sourceTree = "<group>"; };
		60C341DB1C42A10C00270E06 /* MJRefreshHeader.m */ = {isa = PBXFileReference; fileEncoding = 4; lastKnownFileType = sourcecode.c.objc; path = MJRefreshHeader.m; sourceTree = "<group>"; };
		60C341DF1C42A10C00270E06 /* MJRefreshAutoGifFooter.h */ = {isa = PBXFileReference; fileEncoding = 4; lastKnownFileType = sourcecode.c.h; path = MJRefreshAutoGifFooter.h; sourceTree = "<group>"; };
		60C341E01C42A10C00270E06 /* MJRefreshAutoGifFooter.m */ = {isa = PBXFileReference; fileEncoding = 4; lastKnownFileType = sourcecode.c.objc; path = MJRefreshAutoGifFooter.m; sourceTree = "<group>"; };
		60C341E11C42A10C00270E06 /* MJRefreshAutoNormalFooter.h */ = {isa = PBXFileReference; fileEncoding = 4; lastKnownFileType = sourcecode.c.h; path = MJRefreshAutoNormalFooter.h; sourceTree = "<group>"; };
		60C341E21C42A10C00270E06 /* MJRefreshAutoNormalFooter.m */ = {isa = PBXFileReference; fileEncoding = 4; lastKnownFileType = sourcecode.c.objc; path = MJRefreshAutoNormalFooter.m; sourceTree = "<group>"; };
		60C341E31C42A10C00270E06 /* MJRefreshAutoStateFooter.h */ = {isa = PBXFileReference; fileEncoding = 4; lastKnownFileType = sourcecode.c.h; path = MJRefreshAutoStateFooter.h; sourceTree = "<group>"; };
		60C341E41C42A10C00270E06 /* MJRefreshAutoStateFooter.m */ = {isa = PBXFileReference; fileEncoding = 4; lastKnownFileType = sourcecode.c.objc; path = MJRefreshAutoStateFooter.m; sourceTree = "<group>"; };
		60C341E61C42A10C00270E06 /* MJRefreshBackGifFooter.h */ = {isa = PBXFileReference; fileEncoding = 4; lastKnownFileType = sourcecode.c.h; path = MJRefreshBackGifFooter.h; sourceTree = "<group>"; };
		60C341E71C42A10C00270E06 /* MJRefreshBackGifFooter.m */ = {isa = PBXFileReference; fileEncoding = 4; lastKnownFileType = sourcecode.c.objc; path = MJRefreshBackGifFooter.m; sourceTree = "<group>"; };
		60C341E81C42A10C00270E06 /* MJRefreshBackNormalFooter.h */ = {isa = PBXFileReference; fileEncoding = 4; lastKnownFileType = sourcecode.c.h; path = MJRefreshBackNormalFooter.h; sourceTree = "<group>"; };
		60C341E91C42A10C00270E06 /* MJRefreshBackNormalFooter.m */ = {isa = PBXFileReference; fileEncoding = 4; lastKnownFileType = sourcecode.c.objc; path = MJRefreshBackNormalFooter.m; sourceTree = "<group>"; };
		60C341EA1C42A10C00270E06 /* MJRefreshBackStateFooter.h */ = {isa = PBXFileReference; fileEncoding = 4; lastKnownFileType = sourcecode.c.h; path = MJRefreshBackStateFooter.h; sourceTree = "<group>"; };
		60C341EB1C42A10C00270E06 /* MJRefreshBackStateFooter.m */ = {isa = PBXFileReference; fileEncoding = 4; lastKnownFileType = sourcecode.c.objc; path = MJRefreshBackStateFooter.m; sourceTree = "<group>"; };
		60C341ED1C42A10C00270E06 /* MJRefreshGifHeader.h */ = {isa = PBXFileReference; fileEncoding = 4; lastKnownFileType = sourcecode.c.h; path = MJRefreshGifHeader.h; sourceTree = "<group>"; };
		60C341EE1C42A10C00270E06 /* MJRefreshGifHeader.m */ = {isa = PBXFileReference; fileEncoding = 4; lastKnownFileType = sourcecode.c.objc; path = MJRefreshGifHeader.m; sourceTree = "<group>"; };
		60C341EF1C42A10C00270E06 /* MJRefreshNormalHeader.h */ = {isa = PBXFileReference; fileEncoding = 4; lastKnownFileType = sourcecode.c.h; path = MJRefreshNormalHeader.h; sourceTree = "<group>"; };
		60C341F01C42A10C00270E06 /* MJRefreshNormalHeader.m */ = {isa = PBXFileReference; fileEncoding = 4; lastKnownFileType = sourcecode.c.objc; path = MJRefreshNormalHeader.m; sourceTree = "<group>"; };
		60C341F11C42A10C00270E06 /* MJRefreshStateHeader.h */ = {isa = PBXFileReference; fileEncoding = 4; lastKnownFileType = sourcecode.c.h; path = MJRefreshStateHeader.h; sourceTree = "<group>"; };
		60C341F21C42A10C00270E06 /* MJRefreshStateHeader.m */ = {isa = PBXFileReference; fileEncoding = 4; lastKnownFileType = sourcecode.c.objc; path = MJRefreshStateHeader.m; sourceTree = "<group>"; };
		60C341F31C42A10C00270E06 /* MJRefresh.bundle */ = {isa = PBXFileReference; lastKnownFileType = "wrapper.plug-in"; path = MJRefresh.bundle; sourceTree = "<group>"; };
		60C341F41C42A10C00270E06 /* MJRefresh.h */ = {isa = PBXFileReference; fileEncoding = 4; lastKnownFileType = sourcecode.c.h; path = MJRefresh.h; sourceTree = "<group>"; };
		60C341F51C42A10C00270E06 /* MJRefreshConst.h */ = {isa = PBXFileReference; fileEncoding = 4; lastKnownFileType = sourcecode.c.h; path = MJRefreshConst.h; sourceTree = "<group>"; };
		60C341F61C42A10C00270E06 /* MJRefreshConst.m */ = {isa = PBXFileReference; fileEncoding = 4; lastKnownFileType = sourcecode.c.objc; path = MJRefreshConst.m; sourceTree = "<group>"; };
		60C341F71C42A10C00270E06 /* UIScrollView+MJExtension.h */ = {isa = PBXFileReference; fileEncoding = 4; lastKnownFileType = sourcecode.c.h; path = "UIScrollView+MJExtension.h"; sourceTree = "<group>"; };
		60C341F81C42A10C00270E06 /* UIScrollView+MJExtension.m */ = {isa = PBXFileReference; fileEncoding = 4; lastKnownFileType = sourcecode.c.objc; path = "UIScrollView+MJExtension.m"; sourceTree = "<group>"; };
		60C341F91C42A10C00270E06 /* UIScrollView+MJRefresh.h */ = {isa = PBXFileReference; fileEncoding = 4; lastKnownFileType = sourcecode.c.h; path = "UIScrollView+MJRefresh.h"; sourceTree = "<group>"; };
		60C341FA1C42A10C00270E06 /* UIScrollView+MJRefresh.m */ = {isa = PBXFileReference; fileEncoding = 4; lastKnownFileType = sourcecode.c.objc; path = "UIScrollView+MJRefresh.m"; sourceTree = "<group>"; };
		60C341FB1C42A10C00270E06 /* UIView+MJExtension.h */ = {isa = PBXFileReference; fileEncoding = 4; lastKnownFileType = sourcecode.c.h; path = "UIView+MJExtension.h"; sourceTree = "<group>"; };
		60C341FC1C42A10C00270E06 /* UIView+MJExtension.m */ = {isa = PBXFileReference; fileEncoding = 4; lastKnownFileType = sourcecode.c.objc; path = "UIView+MJExtension.m"; sourceTree = "<group>"; };
		60C5586F1C12E16600956D19 /* Spatter.app */ = {isa = PBXFileReference; explicitFileType = wrapper.application; includeInIndex = 0; path = Spatter.app; sourceTree = BUILT_PRODUCTS_DIR; };
		60C558721C12E16600956D19 /* AppDelegate.swift */ = {isa = PBXFileReference; lastKnownFileType = sourcecode.swift; path = AppDelegate.swift; sourceTree = "<group>"; };
		60C558771C12E16600956D19 /* Base */ = {isa = PBXFileReference; lastKnownFileType = file.storyboard; name = Base; path = Base.lproj/Main.storyboard; sourceTree = "<group>"; };
		60C558791C12E16600956D19 /* Assets.xcassets */ = {isa = PBXFileReference; lastKnownFileType = folder.assetcatalog; path = Assets.xcassets; sourceTree = "<group>"; };
		60C5587C1C12E16600956D19 /* Base */ = {isa = PBXFileReference; lastKnownFileType = file.storyboard; name = Base; path = Base.lproj/LaunchScreen.storyboard; sourceTree = "<group>"; };
		60C5587E1C12E16600956D19 /* Info.plist */ = {isa = PBXFileReference; lastKnownFileType = text.plist.xml; path = Info.plist; sourceTree = "<group>"; };
		60C558831C12E16600956D19 /* SpatterTests.xctest */ = {isa = PBXFileReference; explicitFileType = wrapper.cfbundle; includeInIndex = 0; path = SpatterTests.xctest; sourceTree = BUILT_PRODUCTS_DIR; };
		60C558871C12E16600956D19 /* SpatterTests.swift */ = {isa = PBXFileReference; lastKnownFileType = sourcecode.swift; path = SpatterTests.swift; sourceTree = "<group>"; };
		60C558891C12E16600956D19 /* Info.plist */ = {isa = PBXFileReference; lastKnownFileType = text.plist.xml; path = Info.plist; sourceTree = "<group>"; };
		60C5588E1C12E16600956D19 /* SpatterUITests.xctest */ = {isa = PBXFileReference; explicitFileType = wrapper.cfbundle; includeInIndex = 0; path = SpatterUITests.xctest; sourceTree = BUILT_PRODUCTS_DIR; };
		60C558921C12E16600956D19 /* SpatterUITests.swift */ = {isa = PBXFileReference; lastKnownFileType = sourcecode.swift; path = SpatterUITests.swift; sourceTree = "<group>"; };
		60C558941C12E16600956D19 /* Info.plist */ = {isa = PBXFileReference; lastKnownFileType = text.plist.xml; path = Info.plist; sourceTree = "<group>"; };
		60F16D3E1C33ADBD006DDF59 /* MKAnnotationView+WebCache.h */ = {isa = PBXFileReference; fileEncoding = 4; lastKnownFileType = sourcecode.c.h; path = "MKAnnotationView+WebCache.h"; sourceTree = "<group>"; };
		60F16D3F1C33ADBD006DDF59 /* MKAnnotationView+WebCache.m */ = {isa = PBXFileReference; fileEncoding = 4; lastKnownFileType = sourcecode.c.objc; path = "MKAnnotationView+WebCache.m"; sourceTree = "<group>"; };
		60F16D401C33ADBD006DDF59 /* NSData+ImageContentType.h */ = {isa = PBXFileReference; fileEncoding = 4; lastKnownFileType = sourcecode.c.h; path = "NSData+ImageContentType.h"; sourceTree = "<group>"; };
		60F16D411C33ADBD006DDF59 /* NSData+ImageContentType.m */ = {isa = PBXFileReference; fileEncoding = 4; lastKnownFileType = sourcecode.c.objc; path = "NSData+ImageContentType.m"; sourceTree = "<group>"; };
		60F16D421C33ADBD006DDF59 /* SDImageCache.h */ = {isa = PBXFileReference; fileEncoding = 4; lastKnownFileType = sourcecode.c.h; path = SDImageCache.h; sourceTree = "<group>"; };
		60F16D431C33ADBD006DDF59 /* SDImageCache.m */ = {isa = PBXFileReference; fileEncoding = 4; lastKnownFileType = sourcecode.c.objc; path = SDImageCache.m; sourceTree = "<group>"; };
		60F16D441C33ADBD006DDF59 /* SDWebImageCompat.h */ = {isa = PBXFileReference; fileEncoding = 4; lastKnownFileType = sourcecode.c.h; path = SDWebImageCompat.h; sourceTree = "<group>"; };
		60F16D451C33ADBD006DDF59 /* SDWebImageCompat.m */ = {isa = PBXFileReference; fileEncoding = 4; lastKnownFileType = sourcecode.c.objc; path = SDWebImageCompat.m; sourceTree = "<group>"; };
		60F16D461C33ADBD006DDF59 /* SDWebImageDecoder.h */ = {isa = PBXFileReference; fileEncoding = 4; lastKnownFileType = sourcecode.c.h; path = SDWebImageDecoder.h; sourceTree = "<group>"; };
		60F16D471C33ADBD006DDF59 /* SDWebImageDecoder.m */ = {isa = PBXFileReference; fileEncoding = 4; lastKnownFileType = sourcecode.c.objc; path = SDWebImageDecoder.m; sourceTree = "<group>"; };
		60F16D481C33ADBD006DDF59 /* SDWebImageDownloader.h */ = {isa = PBXFileReference; fileEncoding = 4; lastKnownFileType = sourcecode.c.h; path = SDWebImageDownloader.h; sourceTree = "<group>"; };
		60F16D491C33ADBD006DDF59 /* SDWebImageDownloader.m */ = {isa = PBXFileReference; fileEncoding = 4; lastKnownFileType = sourcecode.c.objc; path = SDWebImageDownloader.m; sourceTree = "<group>"; };
		60F16D4A1C33ADBD006DDF59 /* SDWebImageDownloaderOperation.h */ = {isa = PBXFileReference; fileEncoding = 4; lastKnownFileType = sourcecode.c.h; path = SDWebImageDownloaderOperation.h; sourceTree = "<group>"; };
		60F16D4B1C33ADBD006DDF59 /* SDWebImageDownloaderOperation.m */ = {isa = PBXFileReference; fileEncoding = 4; lastKnownFileType = sourcecode.c.objc; path = SDWebImageDownloaderOperation.m; sourceTree = "<group>"; };
		60F16D4C1C33ADBD006DDF59 /* SDWebImageManager.h */ = {isa = PBXFileReference; fileEncoding = 4; lastKnownFileType = sourcecode.c.h; path = SDWebImageManager.h; sourceTree = "<group>"; };
		60F16D4D1C33ADBD006DDF59 /* SDWebImageManager.m */ = {isa = PBXFileReference; fileEncoding = 4; lastKnownFileType = sourcecode.c.objc; path = SDWebImageManager.m; sourceTree = "<group>"; };
		60F16D4E1C33ADBD006DDF59 /* SDWebImageOperation.h */ = {isa = PBXFileReference; fileEncoding = 4; lastKnownFileType = sourcecode.c.h; path = SDWebImageOperation.h; sourceTree = "<group>"; };
		60F16D4F1C33ADBD006DDF59 /* SDWebImagePrefetcher.h */ = {isa = PBXFileReference; fileEncoding = 4; lastKnownFileType = sourcecode.c.h; path = SDWebImagePrefetcher.h; sourceTree = "<group>"; };
		60F16D501C33ADBD006DDF59 /* SDWebImagePrefetcher.m */ = {isa = PBXFileReference; fileEncoding = 4; lastKnownFileType = sourcecode.c.objc; path = SDWebImagePrefetcher.m; sourceTree = "<group>"; };
		60F16D511C33ADBD006DDF59 /* UIButton+WebCache.h */ = {isa = PBXFileReference; fileEncoding = 4; lastKnownFileType = sourcecode.c.h; path = "UIButton+WebCache.h"; sourceTree = "<group>"; };
		60F16D521C33ADBD006DDF59 /* UIButton+WebCache.m */ = {isa = PBXFileReference; fileEncoding = 4; lastKnownFileType = sourcecode.c.objc; path = "UIButton+WebCache.m"; sourceTree = "<group>"; };
		60F16D531C33ADBD006DDF59 /* UIImage+GIF.h */ = {isa = PBXFileReference; fileEncoding = 4; lastKnownFileType = sourcecode.c.h; path = "UIImage+GIF.h"; sourceTree = "<group>"; };
		60F16D541C33ADBD006DDF59 /* UIImage+GIF.m */ = {isa = PBXFileReference; fileEncoding = 4; lastKnownFileType = sourcecode.c.objc; path = "UIImage+GIF.m"; sourceTree = "<group>"; };
		60F16D551C33ADBD006DDF59 /* UIImage+MultiFormat.h */ = {isa = PBXFileReference; fileEncoding = 4; lastKnownFileType = sourcecode.c.h; path = "UIImage+MultiFormat.h"; sourceTree = "<group>"; };
		60F16D561C33ADBD006DDF59 /* UIImage+MultiFormat.m */ = {isa = PBXFileReference; fileEncoding = 4; lastKnownFileType = sourcecode.c.objc; path = "UIImage+MultiFormat.m"; sourceTree = "<group>"; };
		60F16D571C33ADBD006DDF59 /* UIImage+WebP.h */ = {isa = PBXFileReference; fileEncoding = 4; lastKnownFileType = sourcecode.c.h; path = "UIImage+WebP.h"; sourceTree = "<group>"; };
		60F16D581C33ADBD006DDF59 /* UIImage+WebP.m */ = {isa = PBXFileReference; fileEncoding = 4; lastKnownFileType = sourcecode.c.objc; path = "UIImage+WebP.m"; sourceTree = "<group>"; };
		60F16D591C33ADBD006DDF59 /* UIImageView+HighlightedWebCache.h */ = {isa = PBXFileReference; fileEncoding = 4; lastKnownFileType = sourcecode.c.h; path = "UIImageView+HighlightedWebCache.h"; sourceTree = "<group>"; };
		60F16D5A1C33ADBD006DDF59 /* UIImageView+HighlightedWebCache.m */ = {isa = PBXFileReference; fileEncoding = 4; lastKnownFileType = sourcecode.c.objc; path = "UIImageView+HighlightedWebCache.m"; sourceTree = "<group>"; };
		60F16D5B1C33ADBD006DDF59 /* UIImageView+WebCache.h */ = {isa = PBXFileReference; fileEncoding = 4; lastKnownFileType = sourcecode.c.h; path = "UIImageView+WebCache.h"; sourceTree = "<group>"; };
		60F16D5C1C33ADBD006DDF59 /* UIImageView+WebCache.m */ = {isa = PBXFileReference; fileEncoding = 4; lastKnownFileType = sourcecode.c.objc; path = "UIImageView+WebCache.m"; sourceTree = "<group>"; };
		60F16D5D1C33ADBD006DDF59 /* UIView+WebCacheOperation.h */ = {isa = PBXFileReference; fileEncoding = 4; lastKnownFileType = sourcecode.c.h; path = "UIView+WebCacheOperation.h"; sourceTree = "<group>"; };
		60F16D5E1C33ADBD006DDF59 /* UIView+WebCacheOperation.m */ = {isa = PBXFileReference; fileEncoding = 4; lastKnownFileType = sourcecode.c.objc; path = "UIView+WebCacheOperation.m"; sourceTree = "<group>"; };
		66F11AFCE85C47BAC9028933 /* Pods.framework */ = {isa = PBXFileReference; explicitFileType = wrapper.framework; includeInIndex = 0; path = Pods.framework; sourceTree = BUILT_PRODUCTS_DIR; };
		B3C9E241AEAF2040A1BC18A0 /* Pods.debug.xcconfig */ = {isa = PBXFileReference; includeInIndex = 1; lastKnownFileType = text.xcconfig; name = Pods.debug.xcconfig; path = "Pods/Target Support Files/Pods/Pods.debug.xcconfig"; sourceTree = "<group>"; };
/* End PBXFileReference section */

/* Begin PBXFrameworksBuildPhase section */
		60C5586C1C12E16600956D19 /* Frameworks */ = {
			isa = PBXFrameworksBuildPhase;
			buildActionMask = 2147483647;
			files = (
				045AFACD271346AE2D9BD2B3 /* Pods.framework in Frameworks */,
			);
			runOnlyForDeploymentPostprocessing = 0;
		};
		60C558801C12E16600956D19 /* Frameworks */ = {
			isa = PBXFrameworksBuildPhase;
			buildActionMask = 2147483647;
			files = (
			);
			runOnlyForDeploymentPostprocessing = 0;
		};
		60C5588B1C12E16600956D19 /* Frameworks */ = {
			isa = PBXFrameworksBuildPhase;
			buildActionMask = 2147483647;
			files = (
			);
			runOnlyForDeploymentPostprocessing = 0;
		};
/* End PBXFrameworksBuildPhase section */

/* Begin PBXGroup section */
		30DE99E4DAD50A9853979150 /* Frameworks */ = {
			isa = PBXGroup;
			children = (
				66F11AFCE85C47BAC9028933 /* Pods.framework */,
			);
			name = Frameworks;
			sourceTree = "<group>";
		};
		6042458F1C1D4F2D00E79919 /* View */ = {
			isa = PBXGroup;
			children = (
				60C558761C12E16600956D19 /* Main.storyboard */,
				60C5587B1C12E16600956D19 /* LaunchScreen.storyboard */,
				60C558791C12E16600956D19 /* Assets.xcassets */,
			);
			name = View;
			sourceTree = "<group>";
		};
		604245901C1D4F3F00E79919 /* Others */ = {
			isa = PBXGroup;
			children = (
				60C558721C12E16600956D19 /* AppDelegate.swift */,
				604245A61C2532BF00E79919 /* BaseTableViewController.swift */,
				604367181C51F6C50012AC18 /* BaseNetworkRequest.swift */,
				607FC4C71C28FB130046CEF3 /* Spatter-Bridging-Header.h */,
				60C5587E1C12E16600956D19 /* Info.plist */,
			);
			name = Others;
			sourceTree = "<group>";
		};
		604245A91C265A4C00E79919 /* 3rd lib */ = {
			isa = PBXGroup;
			children = (
				60C341D01C42A0FA00270E06 /* MJRefresh */,
				60F16D3D1C33ADA8006DDF59 /* SDWebImage */,
				607FC4F71C2E69D50046CEF3 /* SubjectiveCPhotoPanner */,
				607FC4DD1C2911B50046CEF3 /* RWDropdownMenu */,
				607FC4F31C2A85CE0046CEF3 /* CMPopTipView */,
			);
			name = "3rd lib";
			sourceTree = "<group>";
		};
		604B2F821C173395005EB9D0 /* ViewController */ = {
			isa = PBXGroup;
			children = (
				604B2F831C1733A0005EB9D0 /* MainView */,
				604B2F841C1733B1005EB9D0 /* DetailView */,
				604B2F851C1733C7005EB9D0 /* SearchView */,
				604B2F871C1733E2005EB9D0 /* ProfileView */,
			);
			name = ViewController;
			sourceTree = "<group>";
		};
		604B2F831C1733A0005EB9D0 /* MainView */ = {
			isa = PBXGroup;
			children = (
				604B2F801C173225005EB9D0 /* MainViewController.swift */,
				6087B1B71C58AA3800944C44 /* CreditViewController.swift */,
			);
			name = MainView;
			sourceTree = "<group>";
		};
		604B2F841C1733B1005EB9D0 /* DetailView */ = {
			isa = PBXGroup;
			children = (
				604B2F961C1737B6005EB9D0 /* DetailViewController.swift */,
			);
			name = DetailView;
			sourceTree = "<group>";
		};
		604B2F851C1733C7005EB9D0 /* SearchView */ = {
			isa = PBXGroup;
			children = (
				604245961C252EAC00E79919 /* SearchTableViewController.swift */,
			);
			name = SearchView;
			sourceTree = "<group>";
		};
		604B2F871C1733E2005EB9D0 /* ProfileView */ = {
			isa = PBXGroup;
			children = (
				604B2F9C1C173ACE005EB9D0 /* ProfileViewController.swift */,
				6072C29B1C303A3600ECF780 /* LikedTableViewController.swift */,
				6072C29D1C303A5000ECF780 /* PostTableViewController.swift */,
			);
			name = ProfileView;
			sourceTree = "<group>";
		};
		607FC4DD1C2911B50046CEF3 /* RWDropdownMenu */ = {
			isa = PBXGroup;
			children = (
				607FC4DE1C2911B50046CEF3 /* RWDropdownMenu.h */,
				607FC4DF1C2911B50046CEF3 /* RWDropdownMenu.m */,
				607FC4E01C2911B50046CEF3 /* RWDropdownMenuCell.h */,
				607FC4E11C2911B50046CEF3 /* RWDropdownMenuCell.m */,
				607FC4E21C2911B50046CEF3 /* RWDropdownMenuTransitionController.h */,
				607FC4E31C2911B50046CEF3 /* RWDropdownMenuTransitionController.m */,
			);
			path = RWDropdownMenu;
			sourceTree = "<group>";
		};
		607FC4F31C2A85CE0046CEF3 /* CMPopTipView */ = {
			isa = PBXGroup;
			children = (
				607FC4F41C2A86030046CEF3 /* CMPopTipView.h */,
				607FC4F51C2A86030046CEF3 /* CMPopTipView.m */,
			);
			name = CMPopTipView;
			sourceTree = "<group>";
		};
		607FC4F71C2E69D50046CEF3 /* SubjectiveCPhotoPanner */ = {
			isa = PBXGroup;
			children = (
				607FC4F81C2E69EE0046CEF3 /* SCImagePanScrollBarView.h */,
				607FC4F91C2E69EE0046CEF3 /* SCImagePanScrollBarView.m */,
				607FC4FA1C2E69EE0046CEF3 /* SCImagePanViewController.h */,
				607FC4FB1C2E69EE0046CEF3 /* SCImagePanViewController.m */,
			);
			name = SubjectiveCPhotoPanner;
			sourceTree = "<group>";
		};
		60C341D01C42A0FA00270E06 /* MJRefresh */ = {
			isa = PBXGroup;
			children = (
				60C341D11C42A10C00270E06 /* Base */,
				60C341DC1C42A10C00270E06 /* Custom */,
				60C341F31C42A10C00270E06 /* MJRefresh.bundle */,
				60C341F41C42A10C00270E06 /* MJRefresh.h */,
				60C341F51C42A10C00270E06 /* MJRefreshConst.h */,
				60C341F61C42A10C00270E06 /* MJRefreshConst.m */,
				60C341F71C42A10C00270E06 /* UIScrollView+MJExtension.h */,
				60C341F81C42A10C00270E06 /* UIScrollView+MJExtension.m */,
				60C341F91C42A10C00270E06 /* UIScrollView+MJRefresh.h */,
				60C341FA1C42A10C00270E06 /* UIScrollView+MJRefresh.m */,
				60C341FB1C42A10C00270E06 /* UIView+MJExtension.h */,
				60C341FC1C42A10C00270E06 /* UIView+MJExtension.m */,
			);
			name = MJRefresh;
			sourceTree = "<group>";
		};
		60C341D11C42A10C00270E06 /* Base */ = {
			isa = PBXGroup;
			children = (
				60C341D21C42A10C00270E06 /* MJRefreshAutoFooter.h */,
				60C341D31C42A10C00270E06 /* MJRefreshAutoFooter.m */,
				60C341D41C42A10C00270E06 /* MJRefreshBackFooter.h */,
				60C341D51C42A10C00270E06 /* MJRefreshBackFooter.m */,
				60C341D61C42A10C00270E06 /* MJRefreshComponent.h */,
				60C341D71C42A10C00270E06 /* MJRefreshComponent.m */,
				60C341D81C42A10C00270E06 /* MJRefreshFooter.h */,
				60C341D91C42A10C00270E06 /* MJRefreshFooter.m */,
				60C341DA1C42A10C00270E06 /* MJRefreshHeader.h */,
				60C341DB1C42A10C00270E06 /* MJRefreshHeader.m */,
			);
			path = Base;
			sourceTree = "<group>";
		};
		60C341DC1C42A10C00270E06 /* Custom */ = {
			isa = PBXGroup;
			children = (
				60C341DD1C42A10C00270E06 /* Footer */,
				60C341EC1C42A10C00270E06 /* Header */,
			);
			path = Custom;
			sourceTree = "<group>";
		};
		60C341DD1C42A10C00270E06 /* Footer */ = {
			isa = PBXGroup;
			children = (
				60C341DE1C42A10C00270E06 /* Auto */,
				60C341E51C42A10C00270E06 /* Back */,
			);
			path = Footer;
			sourceTree = "<group>";
		};
		60C341DE1C42A10C00270E06 /* Auto */ = {
			isa = PBXGroup;
			children = (
				60C341DF1C42A10C00270E06 /* MJRefreshAutoGifFooter.h */,
				60C341E01C42A10C00270E06 /* MJRefreshAutoGifFooter.m */,
				60C341E11C42A10C00270E06 /* MJRefreshAutoNormalFooter.h */,
				60C341E21C42A10C00270E06 /* MJRefreshAutoNormalFooter.m */,
				60C341E31C42A10C00270E06 /* MJRefreshAutoStateFooter.h */,
				60C341E41C42A10C00270E06 /* MJRefreshAutoStateFooter.m */,
			);
			path = Auto;
			sourceTree = "<group>";
		};
		60C341E51C42A10C00270E06 /* Back */ = {
			isa = PBXGroup;
			children = (
				60C341E61C42A10C00270E06 /* MJRefreshBackGifFooter.h */,
				60C341E71C42A10C00270E06 /* MJRefreshBackGifFooter.m */,
				60C341E81C42A10C00270E06 /* MJRefreshBackNormalFooter.h */,
				60C341E91C42A10C00270E06 /* MJRefreshBackNormalFooter.m */,
				60C341EA1C42A10C00270E06 /* MJRefreshBackStateFooter.h */,
				60C341EB1C42A10C00270E06 /* MJRefreshBackStateFooter.m */,
			);
			path = Back;
			sourceTree = "<group>";
		};
		60C341EC1C42A10C00270E06 /* Header */ = {
			isa = PBXGroup;
			children = (
				60C341ED1C42A10C00270E06 /* MJRefreshGifHeader.h */,
				60C341EE1C42A10C00270E06 /* MJRefreshGifHeader.m */,
				60C341EF1C42A10C00270E06 /* MJRefreshNormalHeader.h */,
				60C341F01C42A10C00270E06 /* MJRefreshNormalHeader.m */,
				60C341F11C42A10C00270E06 /* MJRefreshStateHeader.h */,
				60C341F21C42A10C00270E06 /* MJRefreshStateHeader.m */,
			);
			path = Header;
			sourceTree = "<group>";
		};
		60C558661C12E16600956D19 = {
			isa = PBXGroup;
			children = (
				60C558711C12E16600956D19 /* Spatter */,
				60C558861C12E16600956D19 /* SpatterTests */,
				60C558911C12E16600956D19 /* SpatterUITests */,
				60C558701C12E16600956D19 /* Products */,
				BF601C0F31B0A2A709DD0804 /* Pods */,
				30DE99E4DAD50A9853979150 /* Frameworks */,
			);
			sourceTree = "<group>";
		};
		60C558701C12E16600956D19 /* Products */ = {
			isa = PBXGroup;
			children = (
				60C5586F1C12E16600956D19 /* Spatter.app */,
				60C558831C12E16600956D19 /* SpatterTests.xctest */,
				60C5588E1C12E16600956D19 /* SpatterUITests.xctest */,
			);
			name = Products;
			sourceTree = "<group>";
		};
		60C558711C12E16600956D19 /* Spatter */ = {
			isa = PBXGroup;
			children = (
				604B2F821C173395005EB9D0 /* ViewController */,
				6042458F1C1D4F2D00E79919 /* View */,
				604245A91C265A4C00E79919 /* 3rd lib */,
				604245901C1D4F3F00E79919 /* Others */,
			);
			path = Spatter;
			sourceTree = "<group>";
		};
		60C558861C12E16600956D19 /* SpatterTests */ = {
			isa = PBXGroup;
			children = (
				60C558871C12E16600956D19 /* SpatterTests.swift */,
				60C558891C12E16600956D19 /* Info.plist */,
			);
			path = SpatterTests;
			sourceTree = "<group>";
		};
		60C558911C12E16600956D19 /* SpatterUITests */ = {
			isa = PBXGroup;
			children = (
				60C558921C12E16600956D19 /* SpatterUITests.swift */,
				60C558941C12E16600956D19 /* Info.plist */,
			);
			path = SpatterUITests;
			sourceTree = "<group>";
		};
		60F16D3D1C33ADA8006DDF59 /* SDWebImage */ = {
			isa = PBXGroup;
			children = (
				60F16D3E1C33ADBD006DDF59 /* MKAnnotationView+WebCache.h */,
				60F16D3F1C33ADBD006DDF59 /* MKAnnotationView+WebCache.m */,
				60F16D401C33ADBD006DDF59 /* NSData+ImageContentType.h */,
				60F16D411C33ADBD006DDF59 /* NSData+ImageContentType.m */,
				60F16D421C33ADBD006DDF59 /* SDImageCache.h */,
				60F16D431C33ADBD006DDF59 /* SDImageCache.m */,
				60F16D441C33ADBD006DDF59 /* SDWebImageCompat.h */,
				60F16D451C33ADBD006DDF59 /* SDWebImageCompat.m */,
				60F16D461C33ADBD006DDF59 /* SDWebImageDecoder.h */,
				60F16D471C33ADBD006DDF59 /* SDWebImageDecoder.m */,
				60F16D481C33ADBD006DDF59 /* SDWebImageDownloader.h */,
				60F16D491C33ADBD006DDF59 /* SDWebImageDownloader.m */,
				60F16D4A1C33ADBD006DDF59 /* SDWebImageDownloaderOperation.h */,
				60F16D4B1C33ADBD006DDF59 /* SDWebImageDownloaderOperation.m */,
				60F16D4C1C33ADBD006DDF59 /* SDWebImageManager.h */,
				60F16D4D1C33ADBD006DDF59 /* SDWebImageManager.m */,
				60F16D4E1C33ADBD006DDF59 /* SDWebImageOperation.h */,
				60F16D4F1C33ADBD006DDF59 /* SDWebImagePrefetcher.h */,
				60F16D501C33ADBD006DDF59 /* SDWebImagePrefetcher.m */,
				60F16D511C33ADBD006DDF59 /* UIButton+WebCache.h */,
				60F16D521C33ADBD006DDF59 /* UIButton+WebCache.m */,
				60F16D531C33ADBD006DDF59 /* UIImage+GIF.h */,
				60F16D541C33ADBD006DDF59 /* UIImage+GIF.m */,
				60F16D551C33ADBD006DDF59 /* UIImage+MultiFormat.h */,
				60F16D561C33ADBD006DDF59 /* UIImage+MultiFormat.m */,
				60F16D571C33ADBD006DDF59 /* UIImage+WebP.h */,
				60F16D581C33ADBD006DDF59 /* UIImage+WebP.m */,
				60F16D591C33ADBD006DDF59 /* UIImageView+HighlightedWebCache.h */,
				60F16D5A1C33ADBD006DDF59 /* UIImageView+HighlightedWebCache.m */,
				60F16D5B1C33ADBD006DDF59 /* UIImageView+WebCache.h */,
				60F16D5C1C33ADBD006DDF59 /* UIImageView+WebCache.m */,
				60F16D5D1C33ADBD006DDF59 /* UIView+WebCacheOperation.h */,
				60F16D5E1C33ADBD006DDF59 /* UIView+WebCacheOperation.m */,
			);
			name = SDWebImage;
			sourceTree = "<group>";
		};
		BF601C0F31B0A2A709DD0804 /* Pods */ = {
			isa = PBXGroup;
			children = (
				B3C9E241AEAF2040A1BC18A0 /* Pods.debug.xcconfig */,
				5A8DDFFF0F0D0174B6819301 /* Pods.release.xcconfig */,
			);
			name = Pods;
			sourceTree = "<group>";
		};
/* End PBXGroup section */

/* Begin PBXNativeTarget section */
		60C5586E1C12E16600956D19 /* Spatter */ = {
			isa = PBXNativeTarget;
			buildConfigurationList = 60C558971C12E16600956D19 /* Build configuration list for PBXNativeTarget "Spatter" */;
			buildPhases = (
				75FE8E825D3501F8581F07F7 /* Check Pods Manifest.lock */,
				60C5586B1C12E16600956D19 /* Sources */,
				60C5586C1C12E16600956D19 /* Frameworks */,
				60C5586D1C12E16600956D19 /* Resources */,
				AA016EBA840421F473AB370D /* Embed Pods Frameworks */,
				1977C5AEC20C314EB833B072 /* Copy Pods Resources */,
			);
			buildRules = (
			);
			dependencies = (
			);
			name = Spatter;
			productName = Spatter;
			productReference = 60C5586F1C12E16600956D19 /* Spatter.app */;
			productType = "com.apple.product-type.application";
		};
		60C558821C12E16600956D19 /* SpatterTests */ = {
			isa = PBXNativeTarget;
			buildConfigurationList = 60C5589A1C12E16600956D19 /* Build configuration list for PBXNativeTarget "SpatterTests" */;
			buildPhases = (
				60C5587F1C12E16600956D19 /* Sources */,
				60C558801C12E16600956D19 /* Frameworks */,
				60C558811C12E16600956D19 /* Resources */,
			);
			buildRules = (
			);
			dependencies = (
				60C558851C12E16600956D19 /* PBXTargetDependency */,
			);
			name = SpatterTests;
			productName = SpatterTests;
			productReference = 60C558831C12E16600956D19 /* SpatterTests.xctest */;
			productType = "com.apple.product-type.bundle.unit-test";
		};
		60C5588D1C12E16600956D19 /* SpatterUITests */ = {
			isa = PBXNativeTarget;
			buildConfigurationList = 60C5589D1C12E16600956D19 /* Build configuration list for PBXNativeTarget "SpatterUITests" */;
			buildPhases = (
				60C5588A1C12E16600956D19 /* Sources */,
				60C5588B1C12E16600956D19 /* Frameworks */,
				60C5588C1C12E16600956D19 /* Resources */,
			);
			buildRules = (
			);
			dependencies = (
				60C558901C12E16600956D19 /* PBXTargetDependency */,
			);
			name = SpatterUITests;
			productName = SpatterUITests;
			productReference = 60C5588E1C12E16600956D19 /* SpatterUITests.xctest */;
			productType = "com.apple.product-type.bundle.ui-testing";
		};
/* End PBXNativeTarget section */

/* Begin PBXProject section */
		60C558671C12E16600956D19 /* Project object */ = {
			isa = PBXProject;
			attributes = {
				LastSwiftUpdateCheck = 0720;
				LastUpgradeCheck = 0710;
				ORGANIZATIONNAME = yuying;
				TargetAttributes = {
					60C5586E1C12E16600956D19 = {
						CreatedOnToolsVersion = 7.1.1;
					};
					60C558821C12E16600956D19 = {
						CreatedOnToolsVersion = 7.1.1;
						TestTargetID = 60C5586E1C12E16600956D19;
					};
					60C5588D1C12E16600956D19 = {
						CreatedOnToolsVersion = 7.1.1;
						TestTargetID = 60C5586E1C12E16600956D19;
					};
				};
			};
			buildConfigurationList = 60C5586A1C12E16600956D19 /* Build configuration list for PBXProject "Spatter" */;
			compatibilityVersion = "Xcode 3.2";
			developmentRegion = English;
			hasScannedForEncodings = 0;
			knownRegions = (
				en,
				Base,
			);
			mainGroup = 60C558661C12E16600956D19;
			productRefGroup = 60C558701C12E16600956D19 /* Products */;
			projectDirPath = "";
			projectRoot = "";
			targets = (
				60C5586E1C12E16600956D19 /* Spatter */,
				60C558821C12E16600956D19 /* SpatterTests */,
				60C5588D1C12E16600956D19 /* SpatterUITests */,
			);
		};
/* End PBXProject section */

/* Begin PBXResourcesBuildPhase section */
		60C5586D1C12E16600956D19 /* Resources */ = {
			isa = PBXResourcesBuildPhase;
			buildActionMask = 2147483647;
			files = (
				60C5587D1C12E16600956D19 /* LaunchScreen.storyboard in Resources */,
				60C5587A1C12E16600956D19 /* Assets.xcassets in Resources */,
				60C3420B1C42A10C00270E06 /* MJRefresh.bundle in Resources */,
				60C558781C12E16600956D19 /* Main.storyboard in Resources */,
			);
			runOnlyForDeploymentPostprocessing = 0;
		};
		60C558811C12E16600956D19 /* Resources */ = {
			isa = PBXResourcesBuildPhase;
			buildActionMask = 2147483647;
			files = (
			);
			runOnlyForDeploymentPostprocessing = 0;
		};
		60C5588C1C12E16600956D19 /* Resources */ = {
			isa = PBXResourcesBuildPhase;
			buildActionMask = 2147483647;
			files = (
			);
			runOnlyForDeploymentPostprocessing = 0;
		};
/* End PBXResourcesBuildPhase section */

/* Begin PBXShellScriptBuildPhase section */
		1977C5AEC20C314EB833B072 /* Copy Pods Resources */ = {
			isa = PBXShellScriptBuildPhase;
			buildActionMask = 2147483647;
			files = (
			);
			inputPaths = (
			);
			name = "Copy Pods Resources";
			outputPaths = (
			);
			runOnlyForDeploymentPostprocessing = 0;
			shellPath = /bin/sh;
			shellScript = "\"${SRCROOT}/Pods/Target Support Files/Pods/Pods-resources.sh\"\n";
			showEnvVarsInLog = 0;
		};
		75FE8E825D3501F8581F07F7 /* Check Pods Manifest.lock */ = {
			isa = PBXShellScriptBuildPhase;
			buildActionMask = 2147483647;
			files = (
			);
			inputPaths = (
			);
			name = "Check Pods Manifest.lock";
			outputPaths = (
			);
			runOnlyForDeploymentPostprocessing = 0;
			shellPath = /bin/sh;
			shellScript = "diff \"${PODS_ROOT}/../Podfile.lock\" \"${PODS_ROOT}/Manifest.lock\" > /dev/null\nif [[ $? != 0 ]] ; then\n    cat << EOM\nerror: The sandbox is not in sync with the Podfile.lock. Run 'pod install' or update your CocoaPods installation.\nEOM\n    exit 1\nfi\n";
			showEnvVarsInLog = 0;
		};
		AA016EBA840421F473AB370D /* Embed Pods Frameworks */ = {
			isa = PBXShellScriptBuildPhase;
			buildActionMask = 2147483647;
			files = (
			);
			inputPaths = (
			);
			name = "Embed Pods Frameworks";
			outputPaths = (
			);
			runOnlyForDeploymentPostprocessing = 0;
			shellPath = /bin/sh;
			shellScript = "\"${SRCROOT}/Pods/Target Support Files/Pods/Pods-frameworks.sh\"\n";
			showEnvVarsInLog = 0;
		};
/* End PBXShellScriptBuildPhase section */

/* Begin PBXSourcesBuildPhase section */
		60C5586B1C12E16600956D19 /* Sources */ = {
			isa = PBXSourcesBuildPhase;
			buildActionMask = 2147483647;
			files = (
				60C3420D1C42A10C00270E06 /* UIScrollView+MJExtension.m in Sources */,
				60C341FF1C42A10C00270E06 /* MJRefreshComponent.m in Sources */,
				60F16D691C33ADBD006DDF59 /* UIImage+GIF.m in Sources */,
				604245A71C2532BF00E79919 /* BaseTableViewController.swift in Sources */,
				60F16D681C33ADBD006DDF59 /* UIButton+WebCache.m in Sources */,
				60C341FE1C42A10C00270E06 /* MJRefreshBackFooter.m in Sources */,
				604B2F811C173225005EB9D0 /* MainViewController.swift in Sources */,
				60F16D6A1C33ADBD006DDF59 /* UIImage+MultiFormat.m in Sources */,
				60C342021C42A10C00270E06 /* MJRefreshAutoGifFooter.m in Sources */,
				60C342041C42A10C00270E06 /* MJRefreshAutoStateFooter.m in Sources */,
				607FC4E41C2911B50046CEF3 /* RWDropdownMenu.m in Sources */,
				60F16D631C33ADBD006DDF59 /* SDWebImageDecoder.m in Sources */,
				607FC4FD1C2E69EE0046CEF3 /* SCImagePanScrollBarView.m in Sources */,
				60F16D6D1C33ADBD006DDF59 /* UIImageView+WebCache.m in Sources */,
				604245971C252EAC00E79919 /* SearchTableViewController.swift in Sources */,
				6072C29C1C303A3600ECF780 /* LikedTableViewController.swift in Sources */,
				60F16D601C33ADBD006DDF59 /* NSData+ImageContentType.m in Sources */,
				60F16D641C33ADBD006DDF59 /* SDWebImageDownloader.m in Sources */,
				60C342061C42A10C00270E06 /* MJRefreshBackNormalFooter.m in Sources */,
				604367191C51F6C50012AC18 /* BaseNetworkRequest.swift in Sources */,
				60C342091C42A10C00270E06 /* MJRefreshNormalHeader.m in Sources */,
				607FC4F61C2A86030046CEF3 /* CMPopTipView.m in Sources */,
				60C342071C42A10C00270E06 /* MJRefreshBackStateFooter.m in Sources */,
				60F16D6C1C33ADBD006DDF59 /* UIImageView+HighlightedWebCache.m in Sources */,
				60C342081C42A10C00270E06 /* MJRefreshGifHeader.m in Sources */,
				60C342031C42A10C00270E06 /* MJRefreshAutoNormalFooter.m in Sources */,
				607FC4FE1C2E69EE0046CEF3 /* SCImagePanViewController.m in Sources */,
				6087B1B81C58AA3800944C44 /* CreditViewController.swift in Sources */,
				604B2F971C1737B6005EB9D0 /* DetailViewController.swift in Sources */,
				60C342051C42A10C00270E06 /* MJRefreshBackGifFooter.m in Sources */,
				60F16D6E1C33ADBD006DDF59 /* UIView+WebCacheOperation.m in Sources */,
				60F16D621C33ADBD006DDF59 /* SDWebImageCompat.m in Sources */,
				60C3420C1C42A10C00270E06 /* MJRefreshConst.m in Sources */,
				607FC4E61C2911B50046CEF3 /* RWDropdownMenuTransitionController.m in Sources */,
				60F16D5F1C33ADBD006DDF59 /* MKAnnotationView+WebCache.m in Sources */,
				604B2F9D1C173ACE005EB9D0 /* ProfileViewController.swift in Sources */,
				60F16D671C33ADBD006DDF59 /* SDWebImagePrefetcher.m in Sources */,
				607FC4E51C2911B50046CEF3 /* RWDropdownMenuCell.m in Sources */,
				60F16D651C33ADBD006DDF59 /* SDWebImageDownloaderOperation.m in Sources */,
				60C3420F1C42A10C00270E06 /* UIView+MJExtension.m in Sources */,
				6072C29E1C303A5000ECF780 /* PostTableViewController.swift in Sources */,
				60F16D661C33ADBD006DDF59 /* SDWebImageManager.m in Sources */,
				60F16D6B1C33ADBD006DDF59 /* UIImage+WebP.m in Sources */,
				60C342011C42A10C00270E06 /* MJRefreshHeader.m in Sources */,
				60C3420A1C42A10C00270E06 /* MJRefreshStateHeader.m in Sources */,
				60C558731C12E16600956D19 /* AppDelegate.swift in Sources */,
				60C3420E1C42A10C00270E06 /* UIScrollView+MJRefresh.m in Sources */,
				60C341FD1C42A10C00270E06 /* MJRefreshAutoFooter.m in Sources */,
				60F16D611C33ADBD006DDF59 /* SDImageCache.m in Sources */,
				60C342001C42A10C00270E06 /* MJRefreshFooter.m in Sources */,
			);
			runOnlyForDeploymentPostprocessing = 0;
		};
		60C5587F1C12E16600956D19 /* Sources */ = {
			isa = PBXSourcesBuildPhase;
			buildActionMask = 2147483647;
			files = (
				60C558881C12E16600956D19 /* SpatterTests.swift in Sources */,
			);
			runOnlyForDeploymentPostprocessing = 0;
		};
		60C5588A1C12E16600956D19 /* Sources */ = {
			isa = PBXSourcesBuildPhase;
			buildActionMask = 2147483647;
			files = (
				60C558931C12E16600956D19 /* SpatterUITests.swift in Sources */,
			);
			runOnlyForDeploymentPostprocessing = 0;
		};
/* End PBXSourcesBuildPhase section */

/* Begin PBXTargetDependency section */
		60C558851C12E16600956D19 /* PBXTargetDependency */ = {
			isa = PBXTargetDependency;
			target = 60C5586E1C12E16600956D19 /* Spatter */;
			targetProxy = 60C558841C12E16600956D19 /* PBXContainerItemProxy */;
		};
		60C558901C12E16600956D19 /* PBXTargetDependency */ = {
			isa = PBXTargetDependency;
			target = 60C5586E1C12E16600956D19 /* Spatter */;
			targetProxy = 60C5588F1C12E16600956D19 /* PBXContainerItemProxy */;
		};
/* End PBXTargetDependency section */

/* Begin PBXVariantGroup section */
		60C558761C12E16600956D19 /* Main.storyboard */ = {
			isa = PBXVariantGroup;
			children = (
				60C558771C12E16600956D19 /* Base */,
			);
			name = Main.storyboard;
			sourceTree = "<group>";
		};
		60C5587B1C12E16600956D19 /* LaunchScreen.storyboard */ = {
			isa = PBXVariantGroup;
			children = (
				60C5587C1C12E16600956D19 /* Base */,
			);
			name = LaunchScreen.storyboard;
			sourceTree = "<group>";
		};
/* End PBXVariantGroup section */

/* Begin XCBuildConfiguration section */
		60C558951C12E16600956D19 /* Debug */ = {
			isa = XCBuildConfiguration;
			buildSettings = {
				ALWAYS_SEARCH_USER_PATHS = NO;
				CLANG_CXX_LANGUAGE_STANDARD = "gnu++0x";
				CLANG_CXX_LIBRARY = "libc++";
				CLANG_ENABLE_MODULES = YES;
				CLANG_ENABLE_OBJC_ARC = YES;
				CLANG_WARN_BOOL_CONVERSION = YES;
				CLANG_WARN_CONSTANT_CONVERSION = YES;
				CLANG_WARN_DIRECT_OBJC_ISA_USAGE = YES_ERROR;
				CLANG_WARN_EMPTY_BODY = YES;
				CLANG_WARN_ENUM_CONVERSION = YES;
				CLANG_WARN_INT_CONVERSION = YES;
				CLANG_WARN_OBJC_ROOT_CLASS = YES_ERROR;
				CLANG_WARN_UNREACHABLE_CODE = YES;
				CLANG_WARN__DUPLICATE_METHOD_MATCH = YES;
				"CODE_SIGN_IDENTITY[sdk=iphoneos*]" = "iPhone Developer";
				COPY_PHASE_STRIP = NO;
				DEBUG_INFORMATION_FORMAT = dwarf;
				ENABLE_STRICT_OBJC_MSGSEND = YES;
				ENABLE_TESTABILITY = YES;
				GCC_C_LANGUAGE_STANDARD = gnu99;
				GCC_DYNAMIC_NO_PIC = NO;
				GCC_NO_COMMON_BLOCKS = YES;
				GCC_OPTIMIZATION_LEVEL = 0;
				GCC_PREPROCESSOR_DEFINITIONS = (
					"DEBUG=1",
					"$(inherited)",
				);
				GCC_WARN_64_TO_32_BIT_CONVERSION = YES;
				GCC_WARN_ABOUT_RETURN_TYPE = YES_ERROR;
				GCC_WARN_UNDECLARED_SELECTOR = YES;
				GCC_WARN_UNINITIALIZED_AUTOS = YES_AGGRESSIVE;
				GCC_WARN_UNUSED_FUNCTION = YES;
				GCC_WARN_UNUSED_VARIABLE = YES;
				IPHONEOS_DEPLOYMENT_TARGET = 9.0;
				MTL_ENABLE_DEBUG_INFO = YES;
				ONLY_ACTIVE_ARCH = YES;
				SDKROOT = iphoneos;
				SWIFT_OPTIMIZATION_LEVEL = "-Onone";
			};
			name = Debug;
		};
		60C558961C12E16600956D19 /* Release */ = {
			isa = XCBuildConfiguration;
			buildSettings = {
				ALWAYS_SEARCH_USER_PATHS = NO;
				CLANG_CXX_LANGUAGE_STANDARD = "gnu++0x";
				CLANG_CXX_LIBRARY = "libc++";
				CLANG_ENABLE_MODULES = YES;
				CLANG_ENABLE_OBJC_ARC = YES;
				CLANG_WARN_BOOL_CONVERSION = YES;
				CLANG_WARN_CONSTANT_CONVERSION = YES;
				CLANG_WARN_DIRECT_OBJC_ISA_USAGE = YES_ERROR;
				CLANG_WARN_EMPTY_BODY = YES;
				CLANG_WARN_ENUM_CONVERSION = YES;
				CLANG_WARN_INT_CONVERSION = YES;
				CLANG_WARN_OBJC_ROOT_CLASS = YES_ERROR;
				CLANG_WARN_UNREACHABLE_CODE = YES;
				CLANG_WARN__DUPLICATE_METHOD_MATCH = YES;
				"CODE_SIGN_IDENTITY[sdk=iphoneos*]" = "iPhone Developer";
				COPY_PHASE_STRIP = NO;
				DEBUG_INFORMATION_FORMAT = "dwarf-with-dsym";
				ENABLE_NS_ASSERTIONS = NO;
				ENABLE_STRICT_OBJC_MSGSEND = YES;
				GCC_C_LANGUAGE_STANDARD = gnu99;
				GCC_NO_COMMON_BLOCKS = YES;
				GCC_WARN_64_TO_32_BIT_CONVERSION = YES;
				GCC_WARN_ABOUT_RETURN_TYPE = YES_ERROR;
				GCC_WARN_UNDECLARED_SELECTOR = YES;
				GCC_WARN_UNINITIALIZED_AUTOS = YES_AGGRESSIVE;
				GCC_WARN_UNUSED_FUNCTION = YES;
				GCC_WARN_UNUSED_VARIABLE = YES;
				IPHONEOS_DEPLOYMENT_TARGET = 9.0;
				MTL_ENABLE_DEBUG_INFO = NO;
				SDKROOT = iphoneos;
				VALIDATE_PRODUCT = YES;
			};
			name = Release;
		};
		60C558981C12E16600956D19 /* Debug */ = {
			isa = XCBuildConfiguration;
			baseConfigurationReference = B3C9E241AEAF2040A1BC18A0 /* Pods.debug.xcconfig */;
			buildSettings = {
				ASSETCATALOG_COMPILER_APPICON_NAME = AppIcon;
				ASSETCATALOG_COMPILER_LAUNCHIMAGE_NAME = LaunchImage;
				CLANG_ENABLE_MODULES = YES;
				INFOPLIST_FILE = Spatter/Info.plist;
				IPHONEOS_DEPLOYMENT_TARGET = 9.0;
				LD_RUNPATH_SEARCH_PATHS = "$(inherited) @executable_path/Frameworks";
				PRODUCT_BUNDLE_IDENTIFIER = com.yuying.Spatter;
				PRODUCT_NAME = "$(TARGET_NAME)";
				SWIFT_OBJC_BRIDGING_HEADER = "Spatter/Spatter-Bridging-Header.h";
				SWIFT_OPTIMIZATION_LEVEL = "-Onone";
			};
			name = Debug;
		};
		60C558991C12E16600956D19 /* Release */ = {
			isa = XCBuildConfiguration;
			baseConfigurationReference = 5A8DDFFF0F0D0174B6819301 /* Pods.release.xcconfig */;
			buildSettings = {
				ASSETCATALOG_COMPILER_APPICON_NAME = AppIcon;
				ASSETCATALOG_COMPILER_LAUNCHIMAGE_NAME = LaunchImage;
				CLANG_ENABLE_MODULES = YES;
				INFOPLIST_FILE = Spatter/Info.plist;
				IPHONEOS_DEPLOYMENT_TARGET = 9.0;
				LD_RUNPATH_SEARCH_PATHS = "$(inherited) @executable_path/Frameworks";
				PRODUCT_BUNDLE_IDENTIFIER = com.yuying.Spatter;
				PRODUCT_NAME = "$(TARGET_NAME)";
				SWIFT_OBJC_BRIDGING_HEADER = "Spatter/Spatter-Bridging-Header.h";
			};
			name = Release;
		};
		60C5589B1C12E16600956D19 /* Debug */ = {
			isa = XCBuildConfiguration;
			buildSettings = {
				BUNDLE_LOADER = "$(TEST_HOST)";
				INFOPLIST_FILE = SpatterTests/Info.plist;
				LD_RUNPATH_SEARCH_PATHS = "$(inherited) @executable_path/Frameworks @loader_path/Frameworks";
				PRODUCT_BUNDLE_IDENTIFIER = com.yuying.SpatterTests;
				PRODUCT_NAME = "$(TARGET_NAME)";
				TEST_HOST = "$(BUILT_PRODUCTS_DIR)/Spatter.app/Spatter";
			};
			name = Debug;
		};
		60C5589C1C12E16600956D19 /* Release */ = {
			isa = XCBuildConfiguration;
			buildSettings = {
				BUNDLE_LOADER = "$(TEST_HOST)";
				INFOPLIST_FILE = SpatterTests/Info.plist;
				LD_RUNPATH_SEARCH_PATHS = "$(inherited) @executable_path/Frameworks @loader_path/Frameworks";
				PRODUCT_BUNDLE_IDENTIFIER = com.yuying.SpatterTests;
				PRODUCT_NAME = "$(TARGET_NAME)";
				TEST_HOST = "$(BUILT_PRODUCTS_DIR)/Spatter.app/Spatter";
			};
			name = Release;
		};
		60C5589E1C12E16600956D19 /* Debug */ = {
			isa = XCBuildConfiguration;
			buildSettings = {
				INFOPLIST_FILE = SpatterUITests/Info.plist;
				LD_RUNPATH_SEARCH_PATHS = "$(inherited) @executable_path/Frameworks @loader_path/Frameworks";
				PRODUCT_BUNDLE_IDENTIFIER = com.yuying.SpatterUITests;
				PRODUCT_NAME = "$(TARGET_NAME)";
				TEST_TARGET_NAME = Spatter;
				USES_XCTRUNNER = YES;
			};
			name = Debug;
		};
		60C5589F1C12E16600956D19 /* Release */ = {
			isa = XCBuildConfiguration;
			buildSettings = {
				INFOPLIST_FILE = SpatterUITests/Info.plist;
				LD_RUNPATH_SEARCH_PATHS = "$(inherited) @executable_path/Frameworks @loader_path/Frameworks";
				PRODUCT_BUNDLE_IDENTIFIER = com.yuying.SpatterUITests;
				PRODUCT_NAME = "$(TARGET_NAME)";
				TEST_TARGET_NAME = Spatter;
				USES_XCTRUNNER = YES;
			};
			name = Release;
		};
/* End XCBuildConfiguration section */

/* Begin XCConfigurationList section */
		60C5586A1C12E16600956D19 /* Build configuration list for PBXProject "Spatter" */ = {
			isa = XCConfigurationList;
			buildConfigurations = (
				60C558951C12E16600956D19 /* Debug */,
				60C558961C12E16600956D19 /* Release */,
			);
			defaultConfigurationIsVisible = 0;
			defaultConfigurationName = Release;
		};
		60C558971C12E16600956D19 /* Build configuration list for PBXNativeTarget "Spatter" */ = {
			isa = XCConfigurationList;
			buildConfigurations = (
				60C558981C12E16600956D19 /* Debug */,
				60C558991C12E16600956D19 /* Release */,
			);
			defaultConfigurationIsVisible = 0;
			defaultConfigurationName = Release;
		};
		60C5589A1C12E16600956D19 /* Build configuration list for PBXNativeTarget "SpatterTests" */ = {
			isa = XCConfigurationList;
			buildConfigurations = (
				60C5589B1C12E16600956D19 /* Debug */,
				60C5589C1C12E16600956D19 /* Release */,
			);
			defaultConfigurationIsVisible = 0;
			defaultConfigurationName = Release;
		};
		60C5589D1C12E16600956D19 /* Build configuration list for PBXNativeTarget "SpatterUITests" */ = {
			isa = XCConfigurationList;
			buildConfigurations = (
				60C5589E1C12E16600956D19 /* Debug */,
				60C5589F1C12E16600956D19 /* Release */,
			);
			defaultConfigurationIsVisible = 0;
			defaultConfigurationName = Release;
		};
/* End XCConfigurationList section */
	};
	rootObject = 60C558671C12E16600956D19 /* Project object */;
}
