// !$*UTF8*$!
{
	archiveVersion = 1;
	classes = {
	};
	objectVersion = 46;
	objects = {

/* Begin PBXBuildFile section */
		220F09D61F1DF4AF0033AD72 /* DetailViewController.swift in Sources */ = {isa = PBXBuildFile; fileRef = 220F09CA1F1DF4AF0033AD72 /* DetailViewController.swift */; };
		220F09D71F1DF4AF0033AD72 /* AboutViewController.swift in Sources */ = {isa = PBXBuildFile; fileRef = 220F09CC1F1DF4AF0033AD72 /* AboutViewController.swift */; };
		220F09D81F1DF4AF0033AD72 /* MainViewController.swift in Sources */ = {isa = PBXBuildFile; fileRef = 220F09CD1F1DF4AF0033AD72 /* MainViewController.swift */; };
		220F09D91F1DF4AF0033AD72 /* LikedTableViewController.swift in Sources */ = {isa = PBXBuildFile; fileRef = 220F09CF1F1DF4AF0033AD72 /* LikedTableViewController.swift */; };
		220F09DA1F1DF4AF0033AD72 /* PostTableViewController.swift in Sources */ = {isa = PBXBuildFile; fileRef = 220F09D01F1DF4AF0033AD72 /* PostTableViewController.swift */; };
		220F09DB1F1DF4AF0033AD72 /* ProfileViewController.swift in Sources */ = {isa = PBXBuildFile; fileRef = 220F09D11F1DF4AF0033AD72 /* ProfileViewController.swift */; };
		220F09DC1F1DF4AF0033AD72 /* SearchTableViewController.swift in Sources */ = {isa = PBXBuildFile; fileRef = 220F09D31F1DF4AF0033AD72 /* SearchTableViewController.swift */; };
		220F0AC21F1F44340033AD72 /* Alamofire.framework in Frameworks */ = {isa = PBXBuildFile; fileRef = 220F0ABC1F1F44340033AD72 /* Alamofire.framework */; };
		220F0AC41F1F44340033AD72 /* KeychainAccess.framework in Frameworks */ = {isa = PBXBuildFile; fileRef = 220F0ABE1F1F44340033AD72 /* KeychainAccess.framework */; };
		220F0AC51F1F44340033AD72 /* PagingMenuController.framework in Frameworks */ = {isa = PBXBuildFile; fileRef = 220F0ABF1F1F44340033AD72 /* PagingMenuController.framework */; };
		220F0AC61F1F44340033AD72 /* PKHUD.framework in Frameworks */ = {isa = PBXBuildFile; fileRef = 220F0AC01F1F44340033AD72 /* PKHUD.framework */; };
		220F0AC71F1F44340033AD72 /* SwiftyJSON.framework in Frameworks */ = {isa = PBXBuildFile; fileRef = 220F0AC11F1F44340033AD72 /* SwiftyJSON.framework */; };
		220F0ACA1F1F4BA60033AD72 /* SDWebImage.framework in Frameworks */ = {isa = PBXBuildFile; fileRef = 220F0AC91F1F4BA60033AD72 /* SDWebImage.framework */; };
		220F0B481F1F581C0033AD72 /* CMPopTipView.m in Sources */ = {isa = PBXBuildFile; fileRef = 220F0AFB1F1F581C0033AD72 /* CMPopTipView.m */; };
		220F0B491F1F581C0033AD72 /* UIScrollView+EmptyDataSet.m in Sources */ = {isa = PBXBuildFile; fileRef = 220F0AFF1F1F581C0033AD72 /* UIScrollView+EmptyDataSet.m */; };
		220F0B4A1F1F581C0033AD72 /* JDStatusBarNotification.m in Sources */ = {isa = PBXBuildFile; fileRef = 220F0B021F1F581C0033AD72 /* JDStatusBarNotification.m */; };
		220F0B4B1F1F581C0033AD72 /* JDStatusBarStyle.m in Sources */ = {isa = PBXBuildFile; fileRef = 220F0B041F1F581C0033AD72 /* JDStatusBarStyle.m */; };
		220F0B4C1F1F581C0033AD72 /* JDStatusBarView.m in Sources */ = {isa = PBXBuildFile; fileRef = 220F0B061F1F581C0033AD72 /* JDStatusBarView.m */; };
		220F0B4D1F1F581C0033AD72 /* MJRefreshAutoFooter.m in Sources */ = {isa = PBXBuildFile; fileRef = 220F0B0A1F1F581C0033AD72 /* MJRefreshAutoFooter.m */; };
		220F0B4E1F1F581C0033AD72 /* MJRefreshBackFooter.m in Sources */ = {isa = PBXBuildFile; fileRef = 220F0B0C1F1F581C0033AD72 /* MJRefreshBackFooter.m */; };
		220F0B4F1F1F581C0033AD72 /* MJRefreshComponent.m in Sources */ = {isa = PBXBuildFile; fileRef = 220F0B0E1F1F581C0033AD72 /* MJRefreshComponent.m */; };
		220F0B501F1F581C0033AD72 /* MJRefreshFooter.m in Sources */ = {isa = PBXBuildFile; fileRef = 220F0B101F1F581C0033AD72 /* MJRefreshFooter.m */; };
		220F0B511F1F581C0033AD72 /* MJRefreshHeader.m in Sources */ = {isa = PBXBuildFile; fileRef = 220F0B121F1F581C0033AD72 /* MJRefreshHeader.m */; };
		220F0B521F1F581C0033AD72 /* MJRefreshAutoGifFooter.m in Sources */ = {isa = PBXBuildFile; fileRef = 220F0B171F1F581C0033AD72 /* MJRefreshAutoGifFooter.m */; };
		220F0B531F1F581C0033AD72 /* MJRefreshAutoNormalFooter.m in Sources */ = {isa = PBXBuildFile; fileRef = 220F0B191F1F581C0033AD72 /* MJRefreshAutoNormalFooter.m */; };
		220F0B541F1F581C0033AD72 /* MJRefreshAutoStateFooter.m in Sources */ = {isa = PBXBuildFile; fileRef = 220F0B1B1F1F581C0033AD72 /* MJRefreshAutoStateFooter.m */; };
		220F0B551F1F581C0033AD72 /* MJRefreshBackGifFooter.m in Sources */ = {isa = PBXBuildFile; fileRef = 220F0B1E1F1F581C0033AD72 /* MJRefreshBackGifFooter.m */; };
		220F0B561F1F581C0033AD72 /* MJRefreshBackNormalFooter.m in Sources */ = {isa = PBXBuildFile; fileRef = 220F0B201F1F581C0033AD72 /* MJRefreshBackNormalFooter.m */; };
		220F0B571F1F581C0033AD72 /* MJRefreshBackStateFooter.m in Sources */ = {isa = PBXBuildFile; fileRef = 220F0B221F1F581C0033AD72 /* MJRefreshBackStateFooter.m */; };
		220F0B581F1F581C0033AD72 /* MJRefreshGifHeader.m in Sources */ = {isa = PBXBuildFile; fileRef = 220F0B251F1F581C0033AD72 /* MJRefreshGifHeader.m */; };
		220F0B591F1F581C0033AD72 /* MJRefreshNormalHeader.m in Sources */ = {isa = PBXBuildFile; fileRef = 220F0B271F1F581C0033AD72 /* MJRefreshNormalHeader.m */; };
		220F0B5A1F1F581C0033AD72 /* MJRefreshStateHeader.m in Sources */ = {isa = PBXBuildFile; fileRef = 220F0B291F1F581C0033AD72 /* MJRefreshStateHeader.m */; };
		220F0B5B1F1F581C0033AD72 /* MJRefresh.bundle in Resources */ = {isa = PBXBuildFile; fileRef = 220F0B2A1F1F581C0033AD72 /* MJRefresh.bundle */; };
		220F0B5C1F1F581C0033AD72 /* MJRefreshConst.m in Sources */ = {isa = PBXBuildFile; fileRef = 220F0B2D1F1F581C0033AD72 /* MJRefreshConst.m */; };
		220F0B5D1F1F581C0033AD72 /* NSBundle+MJRefresh.m in Sources */ = {isa = PBXBuildFile; fileRef = 220F0B2F1F1F581C0033AD72 /* NSBundle+MJRefresh.m */; };
		220F0B5E1F1F581C0033AD72 /* UIScrollView+MJExtension.m in Sources */ = {isa = PBXBuildFile; fileRef = 220F0B311F1F581C0033AD72 /* UIScrollView+MJExtension.m */; };
		220F0B5F1F1F581C0033AD72 /* UIScrollView+MJRefresh.m in Sources */ = {isa = PBXBuildFile; fileRef = 220F0B331F1F581C0033AD72 /* UIScrollView+MJRefresh.m */; };
		220F0B601F1F581C0033AD72 /* UIView+MJExtension.m in Sources */ = {isa = PBXBuildFile; fileRef = 220F0B351F1F581C0033AD72 /* UIView+MJExtension.m */; };
		220F0B611F1F581C0033AD72 /* RWDropdownMenu.m in Sources */ = {isa = PBXBuildFile; fileRef = 220F0B381F1F581C0033AD72 /* RWDropdownMenu.m */; };
		220F0B621F1F581C0033AD72 /* RWDropdownMenuCell.m in Sources */ = {isa = PBXBuildFile; fileRef = 220F0B3A1F1F581C0033AD72 /* RWDropdownMenuCell.m */; };
		220F0B631F1F581C0033AD72 /* RWDropdownMenuTransitionController.m in Sources */ = {isa = PBXBuildFile; fileRef = 220F0B3C1F1F581C0033AD72 /* RWDropdownMenuTransitionController.m */; };
		220F0B641F1F581C0033AD72 /* SCImagePanScrollBarView.m in Sources */ = {isa = PBXBuildFile; fileRef = 220F0B3F1F1F581C0033AD72 /* SCImagePanScrollBarView.m */; };
		220F0B651F1F581C0033AD72 /* SCImagePanViewController.m in Sources */ = {isa = PBXBuildFile; fileRef = 220F0B411F1F581C0033AD72 /* SCImagePanViewController.m */; };
		220F0B661F1F581C0033AD72 /* TMReachability.m in Sources */ = {isa = PBXBuildFile; fileRef = 220F0B441F1F581C0033AD72 /* TMReachability.m */; };
		220F0B671F1F581C0033AD72 /* BaseNetworkRequest.swift in Sources */ = {isa = PBXBuildFile; fileRef = 220F0B461F1F581C0033AD72 /* BaseNetworkRequest.swift */; };
		220F0B681F1F581C0033AD72 /* BaseTableViewController.swift in Sources */ = {isa = PBXBuildFile; fileRef = 220F0B471F1F581C0033AD72 /* BaseTableViewController.swift */; };
		605AAC061C5E51B2006B99DE /* SystemConfiguration.framework in Frameworks */ = {isa = PBXBuildFile; fileRef = 605AAC051C5E51B2006B99DE /* SystemConfiguration.framework */; };
		60A497DC1C6EFBF8008E4AD9 /* Localizable.strings in Resources */ = {isa = PBXBuildFile; fileRef = 60A497DE1C6EFBF8008E4AD9 /* Localizable.strings */; };
		60A497F51C6F0DBB008E4AD9 /* loading-black.png in Resources */ = {isa = PBXBuildFile; fileRef = 60A497F71C6F0DBB008E4AD9 /* loading-black.png */; };
		60A497F91C6F0DDC008E4AD9 /* main-loading.png in Resources */ = {isa = PBXBuildFile; fileRef = 60A497FB1C6F0DDC008E4AD9 /* main-loading.png */; };
		60A497FD1C6F0DE8008E4AD9 /* main-loading@2x.png in Resources */ = {isa = PBXBuildFile; fileRef = 60A497FF1C6F0DE8008E4AD9 /* main-loading@2x.png */; };
		60A498011C6F0DF1008E4AD9 /* main-loading@3x.png in Resources */ = {isa = PBXBuildFile; fileRef = 60A498031C6F0DF1008E4AD9 /* main-loading@3x.png */; };
		60A498051C6F0DF7008E4AD9 /* noNetwork.png in Resources */ = {isa = PBXBuildFile; fileRef = 60A498071C6F0DF7008E4AD9 /* noNetwork.png */; };
		60A498091C6F0DFF008E4AD9 /* Searching.png in Resources */ = {isa = PBXBuildFile; fileRef = 60A4980B1C6F0DFF008E4AD9 /* Searching.png */; };
		60A498191C6F1A34008E4AD9 /* Searching@2x.png in Resources */ = {isa = PBXBuildFile; fileRef = 60A4981B1C6F1A34008E4AD9 /* Searching@2x.png */; };
		60A4981D1C6F1A3C008E4AD9 /* Searching@3x.png in Resources */ = {isa = PBXBuildFile; fileRef = 60A4981F1C6F1A3C008E4AD9 /* Searching@3x.png */; };
		60C558731C12E16600956D19 /* AppDelegate.swift in Sources */ = {isa = PBXBuildFile; fileRef = 60C558721C12E16600956D19 /* AppDelegate.swift */; };
		60C558781C12E16600956D19 /* Main.storyboard in Resources */ = {isa = PBXBuildFile; fileRef = 60C558761C12E16600956D19 /* Main.storyboard */; };
		60C5587A1C12E16600956D19 /* Assets.xcassets in Resources */ = {isa = PBXBuildFile; fileRef = 60C558791C12E16600956D19 /* Assets.xcassets */; };
		60C5587D1C12E16600956D19 /* LaunchScreen.storyboard in Resources */ = {isa = PBXBuildFile; fileRef = 60C5587B1C12E16600956D19 /* LaunchScreen.storyboard */; };
		60C558881C12E16600956D19 /* SpatterTests.swift in Sources */ = {isa = PBXBuildFile; fileRef = 60C558871C12E16600956D19 /* SpatterTests.swift */; };
		60C558931C12E16600956D19 /* SpatterUITests.swift in Sources */ = {isa = PBXBuildFile; fileRef = 60C558921C12E16600956D19 /* SpatterUITests.swift */; };
/* End PBXBuildFile section */

/* Begin PBXContainerItemProxy section */
		60C558841C12E16600956D19 /* PBXContainerItemProxy */ = {
			isa = PBXContainerItemProxy;
			containerPortal = 60C558671C12E16600956D19 /* Project object */;
			proxyType = 1;
			remoteGlobalIDString = 60C5586E1C12E16600956D19;
			remoteInfo = Spatter;
		};
		60C5588F1C12E16600956D19 /* PBXContainerItemProxy */ = {
			isa = PBXContainerItemProxy;
			containerPortal = 60C558671C12E16600956D19 /* Project object */;
			proxyType = 1;
			remoteGlobalIDString = 60C5586E1C12E16600956D19;
			remoteInfo = Spatter;
		};
/* End PBXContainerItemProxy section */

/* Begin PBXFileReference section */
		220F09CA1F1DF4AF0033AD72 /* DetailViewController.swift */ = {isa = PBXFileReference; fileEncoding = 4; lastKnownFileType = sourcecode.swift; path = DetailViewController.swift; sourceTree = "<group>"; };
		220F09CC1F1DF4AF0033AD72 /* AboutViewController.swift */ = {isa = PBXFileReference; fileEncoding = 4; lastKnownFileType = sourcecode.swift; path = AboutViewController.swift; sourceTree = "<group>"; };
		220F09CD1F1DF4AF0033AD72 /* MainViewController.swift */ = {isa = PBXFileReference; fileEncoding = 4; lastKnownFileType = sourcecode.swift; path = MainViewController.swift; sourceTree = "<group>"; };
		220F09CF1F1DF4AF0033AD72 /* LikedTableViewController.swift */ = {isa = PBXFileReference; fileEncoding = 4; lastKnownFileType = sourcecode.swift; path = LikedTableViewController.swift; sourceTree = "<group>"; };
		220F09D01F1DF4AF0033AD72 /* PostTableViewController.swift */ = {isa = PBXFileReference; fileEncoding = 4; lastKnownFileType = sourcecode.swift; path = PostTableViewController.swift; sourceTree = "<group>"; };
		220F09D11F1DF4AF0033AD72 /* ProfileViewController.swift */ = {isa = PBXFileReference; fileEncoding = 4; lastKnownFileType = sourcecode.swift; path = ProfileViewController.swift; sourceTree = "<group>"; };
		220F09D31F1DF4AF0033AD72 /* SearchTableViewController.swift */ = {isa = PBXFileReference; fileEncoding = 4; lastKnownFileType = sourcecode.swift; path = SearchTableViewController.swift; sourceTree = "<group>"; };
		220F0ABC1F1F44340033AD72 /* Alamofire.framework */ = {isa = PBXFileReference; lastKnownFileType = wrapper.framework; name = Alamofire.framework; path = Carthage/Build/iOS/Alamofire.framework; sourceTree = "<group>"; };
		220F0ABD1F1F44340033AD72 /* AMScrollingNavbar.framework */ = {isa = PBXFileReference; lastKnownFileType = wrapper.framework; name = AMScrollingNavbar.framework; path = Carthage/Build/iOS/AMScrollingNavbar.framework; sourceTree = "<group>"; };
		220F0ABE1F1F44340033AD72 /* KeychainAccess.framework */ = {isa = PBXFileReference; lastKnownFileType = wrapper.framework; name = KeychainAccess.framework; path = Carthage/Build/iOS/KeychainAccess.framework; sourceTree = "<group>"; };
		220F0ABF1F1F44340033AD72 /* PagingMenuController.framework */ = {isa = PBXFileReference; lastKnownFileType = wrapper.framework; name = PagingMenuController.framework; path = Carthage/Build/iOS/PagingMenuController.framework; sourceTree = "<group>"; };
		220F0AC01F1F44340033AD72 /* PKHUD.framework */ = {isa = PBXFileReference; lastKnownFileType = wrapper.framework; name = PKHUD.framework; path = Carthage/Build/iOS/PKHUD.framework; sourceTree = "<group>"; };
		220F0AC11F1F44340033AD72 /* SwiftyJSON.framework */ = {isa = PBXFileReference; lastKnownFileType = wrapper.framework; name = SwiftyJSON.framework; path = Carthage/Build/iOS/SwiftyJSON.framework; sourceTree = "<group>"; };
		220F0AC91F1F4BA60033AD72 /* SDWebImage.framework */ = {isa = PBXFileReference; lastKnownFileType = wrapper.framework; name = SDWebImage.framework; path = Carthage/Build/iOS/SDWebImage.framework; sourceTree = "<group>"; };
		220F0AFA1F1F581C0033AD72 /* CMPopTipView.h */ = {isa = PBXFileReference; fileEncoding = 4; lastKnownFileType = sourcecode.c.h; path = CMPopTipView.h; sourceTree = "<group>"; };
		220F0AFB1F1F581C0033AD72 /* CMPopTipView.m */ = {isa = PBXFileReference; fileEncoding = 4; lastKnownFileType = sourcecode.c.objc; path = CMPopTipView.m; sourceTree = "<group>"; };
		220F0AFD1F1F581C0033AD72 /* DZNEmptyDataSet.h */ = {isa = PBXFileReference; fileEncoding = 4; lastKnownFileType = sourcecode.c.h; path = DZNEmptyDataSet.h; sourceTree = "<group>"; };
		220F0AFE1F1F581C0033AD72 /* UIScrollView+EmptyDataSet.h */ = {isa = PBXFileReference; fileEncoding = 4; lastKnownFileType = sourcecode.c.h; path = "UIScrollView+EmptyDataSet.h"; sourceTree = "<group>"; };
		220F0AFF1F1F581C0033AD72 /* UIScrollView+EmptyDataSet.m */ = {isa = PBXFileReference; fileEncoding = 4; lastKnownFileType = sourcecode.c.objc; path = "UIScrollView+EmptyDataSet.m"; sourceTree = "<group>"; };
		220F0B011F1F581C0033AD72 /* JDStatusBarNotification.h */ = {isa = PBXFileReference; fileEncoding = 4; lastKnownFileType = sourcecode.c.h; path = JDStatusBarNotification.h; sourceTree = "<group>"; };
		220F0B021F1F581C0033AD72 /* JDStatusBarNotification.m */ = {isa = PBXFileReference; fileEncoding = 4; lastKnownFileType = sourcecode.c.objc; path = JDStatusBarNotification.m; sourceTree = "<group>"; };
		220F0B031F1F581C0033AD72 /* JDStatusBarStyle.h */ = {isa = PBXFileReference; fileEncoding = 4; lastKnownFileType = sourcecode.c.h; path = JDStatusBarStyle.h; sourceTree = "<group>"; };
		220F0B041F1F581C0033AD72 /* JDStatusBarStyle.m */ = {isa = PBXFileReference; fileEncoding = 4; lastKnownFileType = sourcecode.c.objc; path = JDStatusBarStyle.m; sourceTree = "<group>"; };
		220F0B051F1F581C0033AD72 /* JDStatusBarView.h */ = {isa = PBXFileReference; fileEncoding = 4; lastKnownFileType = sourcecode.c.h; path = JDStatusBarView.h; sourceTree = "<group>"; };
		220F0B061F1F581C0033AD72 /* JDStatusBarView.m */ = {isa = PBXFileReference; fileEncoding = 4; lastKnownFileType = sourcecode.c.objc; path = JDStatusBarView.m; sourceTree = "<group>"; };
		220F0B091F1F581C0033AD72 /* MJRefreshAutoFooter.h */ = {isa = PBXFileReference; fileEncoding = 4; lastKnownFileType = sourcecode.c.h; path = MJRefreshAutoFooter.h; sourceTree = "<group>"; };
		220F0B0A1F1F581C0033AD72 /* MJRefreshAutoFooter.m */ = {isa = PBXFileReference; fileEncoding = 4; lastKnownFileType = sourcecode.c.objc; path = MJRefreshAutoFooter.m; sourceTree = "<group>"; };
		220F0B0B1F1F581C0033AD72 /* MJRefreshBackFooter.h */ = {isa = PBXFileReference; fileEncoding = 4; lastKnownFileType = sourcecode.c.h; path = MJRefreshBackFooter.h; sourceTree = "<group>"; };
		220F0B0C1F1F581C0033AD72 /* MJRefreshBackFooter.m */ = {isa = PBXFileReference; fileEncoding = 4; lastKnownFileType = sourcecode.c.objc; path = MJRefreshBackFooter.m; sourceTree = "<group>"; };
		220F0B0D1F1F581C0033AD72 /* MJRefreshComponent.h */ = {isa = PBXFileReference; fileEncoding = 4; lastKnownFileType = sourcecode.c.h; path = MJRefreshComponent.h; sourceTree = "<group>"; };
		220F0B0E1F1F581C0033AD72 /* MJRefreshComponent.m */ = {isa = PBXFileReference; fileEncoding = 4; lastKnownFileType = sourcecode.c.objc; path = MJRefreshComponent.m; sourceTree = "<group>"; };
		220F0B0F1F1F581C0033AD72 /* MJRefreshFooter.h */ = {isa = PBXFileReference; fileEncoding = 4; lastKnownFileType = sourcecode.c.h; path = MJRefreshFooter.h; sourceTree = "<group>"; };
		220F0B101F1F581C0033AD72 /* MJRefreshFooter.m */ = {isa = PBXFileReference; fileEncoding = 4; lastKnownFileType = sourcecode.c.objc; path = MJRefreshFooter.m; sourceTree = "<group>"; };
		220F0B111F1F581C0033AD72 /* MJRefreshHeader.h */ = {isa = PBXFileReference; fileEncoding = 4; lastKnownFileType = sourcecode.c.h; path = MJRefreshHeader.h; sourceTree = "<group>"; };
		220F0B121F1F581C0033AD72 /* MJRefreshHeader.m */ = {isa = PBXFileReference; fileEncoding = 4; lastKnownFileType = sourcecode.c.objc; path = MJRefreshHeader.m; sourceTree = "<group>"; };
		220F0B161F1F581C0033AD72 /* MJRefreshAutoGifFooter.h */ = {isa = PBXFileReference; fileEncoding = 4; lastKnownFileType = sourcecode.c.h; path = MJRefreshAutoGifFooter.h; sourceTree = "<group>"; };
		220F0B171F1F581C0033AD72 /* MJRefreshAutoGifFooter.m */ = {isa = PBXFileReference; fileEncoding = 4; lastKnownFileType = sourcecode.c.objc; path = MJRefreshAutoGifFooter.m; sourceTree = "<group>"; };
		220F0B181F1F581C0033AD72 /* MJRefreshAutoNormalFooter.h */ = {isa = PBXFileReference; fileEncoding = 4; lastKnownFileType = sourcecode.c.h; path = MJRefreshAutoNormalFooter.h; sourceTree = "<group>"; };
		220F0B191F1F581C0033AD72 /* MJRefreshAutoNormalFooter.m */ = {isa = PBXFileReference; fileEncoding = 4; lastKnownFileType = sourcecode.c.objc; path = MJRefreshAutoNormalFooter.m; sourceTree = "<group>"; };
		220F0B1A1F1F581C0033AD72 /* MJRefreshAutoStateFooter.h */ = {isa = PBXFileReference; fileEncoding = 4; lastKnownFileType = sourcecode.c.h; path = MJRefreshAutoStateFooter.h; sourceTree = "<group>"; };
		220F0B1B1F1F581C0033AD72 /* MJRefreshAutoStateFooter.m */ = {isa = PBXFileReference; fileEncoding = 4; lastKnownFileType = sourcecode.c.objc; path = MJRefreshAutoStateFooter.m; sourceTree = "<group>"; };
		220F0B1D1F1F581C0033AD72 /* MJRefreshBackGifFooter.h */ = {isa = PBXFileReference; fileEncoding = 4; lastKnownFileType = sourcecode.c.h; path = MJRefreshBackGifFooter.h; sourceTree = "<group>"; };
		220F0B1E1F1F581C0033AD72 /* MJRefreshBackGifFooter.m */ = {isa = PBXFileReference; fileEncoding = 4; lastKnownFileType = sourcecode.c.objc; path = MJRefreshBackGifFooter.m; sourceTree = "<group>"; };
		220F0B1F1F1F581C0033AD72 /* MJRefreshBackNormalFooter.h */ = {isa = PBXFileReference; fileEncoding = 4; lastKnownFileType = sourcecode.c.h; path = MJRefreshBackNormalFooter.h; sourceTree = "<group>"; };
		220F0B201F1F581C0033AD72 /* MJRefreshBackNormalFooter.m */ = {isa = PBXFileReference; fileEncoding = 4; lastKnownFileType = sourcecode.c.objc; path = MJRefreshBackNormalFooter.m; sourceTree = "<group>"; };
		220F0B211F1F581C0033AD72 /* MJRefreshBackStateFooter.h */ = {isa = PBXFileReference; fileEncoding = 4; lastKnownFileType = sourcecode.c.h; path = MJRefreshBackStateFooter.h; sourceTree = "<group>"; };
		220F0B221F1F581C0033AD72 /* MJRefreshBackStateFooter.m */ = {isa = PBXFileReference; fileEncoding = 4; lastKnownFileType = sourcecode.c.objc; path = MJRefreshBackStateFooter.m; sourceTree = "<group>"; };
		220F0B241F1F581C0033AD72 /* MJRefreshGifHeader.h */ = {isa = PBXFileReference; fileEncoding = 4; lastKnownFileType = sourcecode.c.h; path = MJRefreshGifHeader.h; sourceTree = "<group>"; };
		220F0B251F1F581C0033AD72 /* MJRefreshGifHeader.m */ = {isa = PBXFileReference; fileEncoding = 4; lastKnownFileType = sourcecode.c.objc; path = MJRefreshGifHeader.m; sourceTree = "<group>"; };
		220F0B261F1F581C0033AD72 /* MJRefreshNormalHeader.h */ = {isa = PBXFileReference; fileEncoding = 4; lastKnownFileType = sourcecode.c.h; path = MJRefreshNormalHeader.h; sourceTree = "<group>"; };
		220F0B271F1F581C0033AD72 /* MJRefreshNormalHeader.m */ = {isa = PBXFileReference; fileEncoding = 4; lastKnownFileType = sourcecode.c.objc; path = MJRefreshNormalHeader.m; sourceTree = "<group>"; };
		220F0B281F1F581C0033AD72 /* MJRefreshStateHeader.h */ = {isa = PBXFileReference; fileEncoding = 4; lastKnownFileType = sourcecode.c.h; path = MJRefreshStateHeader.h; sourceTree = "<group>"; };
		220F0B291F1F581C0033AD72 /* MJRefreshStateHeader.m */ = {isa = PBXFileReference; fileEncoding = 4; lastKnownFileType = sourcecode.c.objc; path = MJRefreshStateHeader.m; sourceTree = "<group>"; };
		220F0B2A1F1F581C0033AD72 /* MJRefresh.bundle */ = {isa = PBXFileReference; lastKnownFileType = "wrapper.plug-in"; path = MJRefresh.bundle; sourceTree = "<group>"; };
		220F0B2B1F1F581C0033AD72 /* MJRefresh.h */ = {isa = PBXFileReference; fileEncoding = 4; lastKnownFileType = sourcecode.c.h; path = MJRefresh.h; sourceTree = "<group>"; };
		220F0B2C1F1F581C0033AD72 /* MJRefreshConst.h */ = {isa = PBXFileReference; fileEncoding = 4; lastKnownFileType = sourcecode.c.h; path = MJRefreshConst.h; sourceTree = "<group>"; };
		220F0B2D1F1F581C0033AD72 /* MJRefreshConst.m */ = {isa = PBXFileReference; fileEncoding = 4; lastKnownFileType = sourcecode.c.objc; path = MJRefreshConst.m; sourceTree = "<group>"; };
		220F0B2E1F1F581C0033AD72 /* NSBundle+MJRefresh.h */ = {isa = PBXFileReference; fileEncoding = 4; lastKnownFileType = sourcecode.c.h; path = "NSBundle+MJRefresh.h"; sourceTree = "<group>"; };
		220F0B2F1F1F581C0033AD72 /* NSBundle+MJRefresh.m */ = {isa = PBXFileReference; fileEncoding = 4; lastKnownFileType = sourcecode.c.objc; path = "NSBundle+MJRefresh.m"; sourceTree = "<group>"; };
		220F0B301F1F581C0033AD72 /* UIScrollView+MJExtension.h */ = {isa = PBXFileReference; fileEncoding = 4; lastKnownFileType = sourcecode.c.h; path = "UIScrollView+MJExtension.h"; sourceTree = "<group>"; };
		220F0B311F1F581C0033AD72 /* UIScrollView+MJExtension.m */ = {isa = PBXFileReference; fileEncoding = 4; lastKnownFileType = sourcecode.c.objc; path = "UIScrollView+MJExtension.m"; sourceTree = "<group>"; };
		220F0B321F1F581C0033AD72 /* UIScrollView+MJRefresh.h */ = {isa = PBXFileReference; fileEncoding = 4; lastKnownFileType = sourcecode.c.h; path = "UIScrollView+MJRefresh.h"; sourceTree = "<group>"; };
		220F0B331F1F581C0033AD72 /* UIScrollView+MJRefresh.m */ = {isa = PBXFileReference; fileEncoding = 4; lastKnownFileType = sourcecode.c.objc; path = "UIScrollView+MJRefresh.m"; sourceTree = "<group>"; };
		220F0B341F1F581C0033AD72 /* UIView+MJExtension.h */ = {isa = PBXFileReference; fileEncoding = 4; lastKnownFileType = sourcecode.c.h; path = "UIView+MJExtension.h"; sourceTree = "<group>"; };
		220F0B351F1F581C0033AD72 /* UIView+MJExtension.m */ = {isa = PBXFileReference; fileEncoding = 4; lastKnownFileType = sourcecode.c.objc; path = "UIView+MJExtension.m"; sourceTree = "<group>"; };
		220F0B371F1F581C0033AD72 /* RWDropdownMenu.h */ = {isa = PBXFileReference; fileEncoding = 4; lastKnownFileType = sourcecode.c.h; path = RWDropdownMenu.h; sourceTree = "<group>"; };
		220F0B381F1F581C0033AD72 /* RWDropdownMenu.m */ = {isa = PBXFileReference; fileEncoding = 4; lastKnownFileType = sourcecode.c.objc; path = RWDropdownMenu.m; sourceTree = "<group>"; };
		220F0B391F1F581C0033AD72 /* RWDropdownMenuCell.h */ = {isa = PBXFileReference; fileEncoding = 4; lastKnownFileType = sourcecode.c.h; path = RWDropdownMenuCell.h; sourceTree = "<group>"; };
		220F0B3A1F1F581C0033AD72 /* RWDropdownMenuCell.m */ = {isa = PBXFileReference; fileEncoding = 4; lastKnownFileType = sourcecode.c.objc; path = RWDropdownMenuCell.m; sourceTree = "<group>"; };
		220F0B3B1F1F581C0033AD72 /* RWDropdownMenuTransitionController.h */ = {isa = PBXFileReference; fileEncoding = 4; lastKnownFileType = sourcecode.c.h; path = RWDropdownMenuTransitionController.h; sourceTree = "<group>"; };
		220F0B3C1F1F581C0033AD72 /* RWDropdownMenuTransitionController.m */ = {isa = PBXFileReference; fileEncoding = 4; lastKnownFileType = sourcecode.c.objc; path = RWDropdownMenuTransitionController.m; sourceTree = "<group>"; };
		220F0B3E1F1F581C0033AD72 /* SCImagePanScrollBarView.h */ = {isa = PBXFileReference; fileEncoding = 4; lastKnownFileType = sourcecode.c.h; path = SCImagePanScrollBarView.h; sourceTree = "<group>"; };
		220F0B3F1F1F581C0033AD72 /* SCImagePanScrollBarView.m */ = {isa = PBXFileReference; fileEncoding = 4; lastKnownFileType = sourcecode.c.objc; path = SCImagePanScrollBarView.m; sourceTree = "<group>"; };
		220F0B401F1F581C0033AD72 /* SCImagePanViewController.h */ = {isa = PBXFileReference; fileEncoding = 4; lastKnownFileType = sourcecode.c.h; path = SCImagePanViewController.h; sourceTree = "<group>"; };
		220F0B411F1F581C0033AD72 /* SCImagePanViewController.m */ = {isa = PBXFileReference; fileEncoding = 4; lastKnownFileType = sourcecode.c.objc; path = SCImagePanViewController.m; sourceTree = "<group>"; };
		220F0B431F1F581C0033AD72 /* TMReachability.h */ = {isa = PBXFileReference; fileEncoding = 4; lastKnownFileType = sourcecode.c.h; path = TMReachability.h; sourceTree = "<group>"; };
		220F0B441F1F581C0033AD72 /* TMReachability.m */ = {isa = PBXFileReference; fileEncoding = 4; lastKnownFileType = sourcecode.c.objc; path = TMReachability.m; sourceTree = "<group>"; };
		220F0B461F1F581C0033AD72 /* BaseNetworkRequest.swift */ = {isa = PBXFileReference; fileEncoding = 4; lastKnownFileType = sourcecode.swift; path = BaseNetworkRequest.swift; sourceTree = "<group>"; };
		220F0B471F1F581C0033AD72 /* BaseTableViewController.swift */ = {isa = PBXFileReference; fileEncoding = 4; lastKnownFileType = sourcecode.swift; path = BaseTableViewController.swift; sourceTree = "<group>"; };
		605AAC051C5E51B2006B99DE /* SystemConfiguration.framework */ = {isa = PBXFileReference; lastKnownFileType = wrapper.framework; name = SystemConfiguration.framework; path = System/Library/Frameworks/SystemConfiguration.framework; sourceTree = SDKROOT; };
		607FC4C71C28FB130046CEF3 /* Spatter-Bridging-Header.h */ = {isa = PBXFileReference; lastKnownFileType = sourcecode.c.h; path = "Spatter-Bridging-Header.h"; sourceTree = "<group>"; };
		60A497D91C6EFABB008E4AD9 /* zh-Hans */ = {isa = PBXFileReference; lastKnownFileType = text.plist.strings; name = "zh-Hans"; path = "zh-Hans.lproj/Main.strings"; sourceTree = "<group>"; };
		60A497DD1C6EFBF8008E4AD9 /* en */ = {isa = PBXFileReference; lastKnownFileType = text.plist.strings; name = en; path = en.lproj/Localizable.strings; sourceTree = "<group>"; };
		60A497DF1C6EFBFA008E4AD9 /* zh-Hans */ = {isa = PBXFileReference; lastKnownFileType = text.plist.strings; name = "zh-Hans"; path = "zh-Hans.lproj/Localizable.strings"; sourceTree = "<group>"; };
		60A497F61C6F0DBB008E4AD9 /* en */ = {isa = PBXFileReference; lastKnownFileType = image.png; name = en; path = "en.lproj/loading-black.png"; sourceTree = "<group>"; };
		60A497F81C6F0DBD008E4AD9 /* zh-Hans */ = {isa = PBXFileReference; lastKnownFileType = image.png; name = "zh-Hans"; path = "zh-Hans.lproj/loading-black.png"; sourceTree = "<group>"; };
		60A497FA1C6F0DDC008E4AD9 /* en */ = {isa = PBXFileReference; lastKnownFileType = image.png; name = en; path = "en.lproj/main-loading.png"; sourceTree = "<group>"; };
		60A497FC1C6F0DDE008E4AD9 /* zh-Hans */ = {isa = PBXFileReference; lastKnownFileType = image.png; name = "zh-Hans"; path = "zh-Hans.lproj/main-loading.png"; sourceTree = "<group>"; };
		60A497FE1C6F0DE8008E4AD9 /* en */ = {isa = PBXFileReference; lastKnownFileType = image.png; name = en; path = "en.lproj/main-loading@2x.png"; sourceTree = "<group>"; };
		60A498001C6F0DEB008E4AD9 /* zh-Hans */ = {isa = PBXFileReference; lastKnownFileType = image.png; name = "zh-Hans"; path = "zh-Hans.lproj/main-loading@2x.png"; sourceTree = "<group>"; };
		60A498021C6F0DF1008E4AD9 /* en */ = {isa = PBXFileReference; lastKnownFileType = image.png; name = en; path = "en.lproj/main-loading@3x.png"; sourceTree = "<group>"; };
		60A498041C6F0DF2008E4AD9 /* zh-Hans */ = {isa = PBXFileReference; lastKnownFileType = image.png; name = "zh-Hans"; path = "zh-Hans.lproj/main-loading@3x.png"; sourceTree = "<group>"; };
		60A498061C6F0DF7008E4AD9 /* en */ = {isa = PBXFileReference; lastKnownFileType = image.png; name = en; path = en.lproj/noNetwork.png; sourceTree = "<group>"; };
		60A498081C6F0DF9008E4AD9 /* zh-Hans */ = {isa = PBXFileReference; lastKnownFileType = image.png; name = "zh-Hans"; path = "zh-Hans.lproj/noNetwork.png"; sourceTree = "<group>"; };
		60A4980A1C6F0DFF008E4AD9 /* en */ = {isa = PBXFileReference; lastKnownFileType = image.png; name = en; path = en.lproj/Searching.png; sourceTree = "<group>"; };
		60A4980C1C6F0E00008E4AD9 /* zh-Hans */ = {isa = PBXFileReference; lastKnownFileType = image.png; name = "zh-Hans"; path = "zh-Hans.lproj/Searching.png"; sourceTree = "<group>"; };
		60A4981A1C6F1A34008E4AD9 /* en */ = {isa = PBXFileReference; lastKnownFileType = image.png; name = en; path = "en.lproj/Searching@2x.png"; sourceTree = "<group>"; };
		60A4981C1C6F1A36008E4AD9 /* zh-Hans */ = {isa = PBXFileReference; lastKnownFileType = image.png; name = "zh-Hans"; path = "zh-Hans.lproj/Searching@2x.png"; sourceTree = "<group>"; };
		60A4981E1C6F1A3C008E4AD9 /* en */ = {isa = PBXFileReference; lastKnownFileType = image.png; name = en; path = "en.lproj/Searching@3x.png"; sourceTree = "<group>"; };
		60A498201C6F1A3D008E4AD9 /* zh-Hans */ = {isa = PBXFileReference; lastKnownFileType = image.png; name = "zh-Hans"; path = "zh-Hans.lproj/Searching@3x.png"; sourceTree = "<group>"; };
		60C5586F1C12E16600956D19 /* Spatter.app */ = {isa = PBXFileReference; explicitFileType = wrapper.application; includeInIndex = 0; path = Spatter.app; sourceTree = BUILT_PRODUCTS_DIR; };
		60C558721C12E16600956D19 /* AppDelegate.swift */ = {isa = PBXFileReference; lastKnownFileType = sourcecode.swift; path = AppDelegate.swift; sourceTree = "<group>"; };
		60C558771C12E16600956D19 /* Base */ = {isa = PBXFileReference; lastKnownFileType = file.storyboard; name = Base; path = Base.lproj/Main.storyboard; sourceTree = "<group>"; };
		60C558791C12E16600956D19 /* Assets.xcassets */ = {isa = PBXFileReference; lastKnownFileType = folder.assetcatalog; path = Assets.xcassets; sourceTree = "<group>"; };
		60C5587C1C12E16600956D19 /* Base */ = {isa = PBXFileReference; lastKnownFileType = file.storyboard; name = Base; path = Base.lproj/LaunchScreen.storyboard; sourceTree = "<group>"; };
		60C5587E1C12E16600956D19 /* Info.plist */ = {isa = PBXFileReference; lastKnownFileType = text.plist.xml; path = Info.plist; sourceTree = "<group>"; };
		60C558831C12E16600956D19 /* SpatterTests.xctest */ = {isa = PBXFileReference; explicitFileType = wrapper.cfbundle; includeInIndex = 0; path = SpatterTests.xctest; sourceTree = BUILT_PRODUCTS_DIR; };
		60C558871C12E16600956D19 /* SpatterTests.swift */ = {isa = PBXFileReference; lastKnownFileType = sourcecode.swift; path = SpatterTests.swift; sourceTree = "<group>"; };
		60C558891C12E16600956D19 /* Info.plist */ = {isa = PBXFileReference; lastKnownFileType = text.plist.xml; path = Info.plist; sourceTree = "<group>"; };
		60C5588E1C12E16600956D19 /* SpatterUITests.xctest */ = {isa = PBXFileReference; explicitFileType = wrapper.cfbundle; includeInIndex = 0; path = SpatterUITests.xctest; sourceTree = BUILT_PRODUCTS_DIR; };
		60C558921C12E16600956D19 /* SpatterUITests.swift */ = {isa = PBXFileReference; lastKnownFileType = sourcecode.swift; path = SpatterUITests.swift; sourceTree = "<group>"; };
		60C558941C12E16600956D19 /* Info.plist */ = {isa = PBXFileReference; lastKnownFileType = text.plist.xml; path = Info.plist; sourceTree = "<group>"; };
/* End PBXFileReference section */

/* Begin PBXFrameworksBuildPhase section */
		60C5586C1C12E16600956D19 /* Frameworks */ = {
			isa = PBXFrameworksBuildPhase;
			buildActionMask = 2147483647;
			files = (
				220F0ACA1F1F4BA60033AD72 /* SDWebImage.framework in Frameworks */,
				220F0AC21F1F44340033AD72 /* Alamofire.framework in Frameworks */,
				220F0AC41F1F44340033AD72 /* KeychainAccess.framework in Frameworks */,
				220F0AC51F1F44340033AD72 /* PagingMenuController.framework in Frameworks */,
				220F0AC61F1F44340033AD72 /* PKHUD.framework in Frameworks */,
				220F0AC71F1F44340033AD72 /* SwiftyJSON.framework in Frameworks */,
				605AAC061C5E51B2006B99DE /* SystemConfiguration.framework in Frameworks */,
			);
			runOnlyForDeploymentPostprocessing = 0;
		};
		60C558801C12E16600956D19 /* Frameworks */ = {
			isa = PBXFrameworksBuildPhase;
			buildActionMask = 2147483647;
			files = (
			);
			runOnlyForDeploymentPostprocessing = 0;
		};
		60C5588B1C12E16600956D19 /* Frameworks */ = {
			isa = PBXFrameworksBuildPhase;
			buildActionMask = 2147483647;
			files = (
			);
			runOnlyForDeploymentPostprocessing = 0;
		};
/* End PBXFrameworksBuildPhase section */

/* Begin PBXGroup section */
		220F09C81F1DF4AF0033AD72 /* ViewController */ = {
			isa = PBXGroup;
			children = (
				220F09C91F1DF4AF0033AD72 /* Detail */,
				220F09CB1F1DF4AF0033AD72 /* Main */,
				220F09CE1F1DF4AF0033AD72 /* Profile */,
				220F09D21F1DF4AF0033AD72 /* Search */,
			);
			path = ViewController;
			sourceTree = "<group>";
		};
		220F09C91F1DF4AF0033AD72 /* Detail */ = {
			isa = PBXGroup;
			children = (
				220F09CA1F1DF4AF0033AD72 /* DetailViewController.swift */,
			);
			path = Detail;
			sourceTree = "<group>";
		};
		220F09CB1F1DF4AF0033AD72 /* Main */ = {
			isa = PBXGroup;
			children = (
				220F09CC1F1DF4AF0033AD72 /* AboutViewController.swift */,
				220F09CD1F1DF4AF0033AD72 /* MainViewController.swift */,
			);
			path = Main;
			sourceTree = "<group>";
		};
		220F09CE1F1DF4AF0033AD72 /* Profile */ = {
			isa = PBXGroup;
			children = (
				220F09CF1F1DF4AF0033AD72 /* LikedTableViewController.swift */,
				220F09D01F1DF4AF0033AD72 /* PostTableViewController.swift */,
				220F09D11F1DF4AF0033AD72 /* ProfileViewController.swift */,
			);
			path = Profile;
			sourceTree = "<group>";
		};
		220F09D21F1DF4AF0033AD72 /* Search */ = {
			isa = PBXGroup;
			children = (
				220F09D31F1DF4AF0033AD72 /* SearchTableViewController.swift */,
			);
			path = Search;
			sourceTree = "<group>";
		};
		220F0AF81F1F581C0033AD72 /* 3rdLib */ = {
			isa = PBXGroup;
			children = (
				220F0AF91F1F581C0033AD72 /* CMPopTipView */,
				220F0AFC1F1F581C0033AD72 /* DZNEmptyDataSet */,
				220F0B001F1F581C0033AD72 /* JDStatusBarNotification */,
				220F0B071F1F581C0033AD72 /* MJRefresh */,
				220F0B361F1F581C0033AD72 /* RWDropdownMenu */,
				220F0B3D1F1F581C0033AD72 /* SubjectiveCPhotoPanner */,
				220F0B421F1F581C0033AD72 /* TMReachability */,
			);
			path = 3rdLib;
			sourceTree = "<group>";
		};
		220F0AF91F1F581C0033AD72 /* CMPopTipView */ = {
			isa = PBXGroup;
			children = (
				220F0AFA1F1F581C0033AD72 /* CMPopTipView.h */,
				220F0AFB1F1F581C0033AD72 /* CMPopTipView.m */,
			);
			path = CMPopTipView;
			sourceTree = "<group>";
		};
		220F0AFC1F1F581C0033AD72 /* DZNEmptyDataSet */ = {
			isa = PBXGroup;
			children = (
				220F0AFD1F1F581C0033AD72 /* DZNEmptyDataSet.h */,
				220F0AFE1F1F581C0033AD72 /* UIScrollView+EmptyDataSet.h */,
				220F0AFF1F1F581C0033AD72 /* UIScrollView+EmptyDataSet.m */,
			);
			path = DZNEmptyDataSet;
			sourceTree = "<group>";
		};
		220F0B001F1F581C0033AD72 /* JDStatusBarNotification */ = {
			isa = PBXGroup;
			children = (
				220F0B011F1F581C0033AD72 /* JDStatusBarNotification.h */,
				220F0B021F1F581C0033AD72 /* JDStatusBarNotification.m */,
				220F0B031F1F581C0033AD72 /* JDStatusBarStyle.h */,
				220F0B041F1F581C0033AD72 /* JDStatusBarStyle.m */,
				220F0B051F1F581C0033AD72 /* JDStatusBarView.h */,
				220F0B061F1F581C0033AD72 /* JDStatusBarView.m */,
			);
			path = JDStatusBarNotification;
			sourceTree = "<group>";
		};
		220F0B071F1F581C0033AD72 /* MJRefresh */ = {
			isa = PBXGroup;
			children = (
				220F0B081F1F581C0033AD72 /* Base */,
				220F0B131F1F581C0033AD72 /* Custom */,
				220F0B2A1F1F581C0033AD72 /* MJRefresh.bundle */,
				220F0B2B1F1F581C0033AD72 /* MJRefresh.h */,
				220F0B2C1F1F581C0033AD72 /* MJRefreshConst.h */,
				220F0B2D1F1F581C0033AD72 /* MJRefreshConst.m */,
				220F0B2E1F1F581C0033AD72 /* NSBundle+MJRefresh.h */,
				220F0B2F1F1F581C0033AD72 /* NSBundle+MJRefresh.m */,
				220F0B301F1F581C0033AD72 /* UIScrollView+MJExtension.h */,
				220F0B311F1F581C0033AD72 /* UIScrollView+MJExtension.m */,
				220F0B321F1F581C0033AD72 /* UIScrollView+MJRefresh.h */,
				220F0B331F1F581C0033AD72 /* UIScrollView+MJRefresh.m */,
				220F0B341F1F581C0033AD72 /* UIView+MJExtension.h */,
				220F0B351F1F581C0033AD72 /* UIView+MJExtension.m */,
			);
			path = MJRefresh;
			sourceTree = "<group>";
		};
		220F0B081F1F581C0033AD72 /* Base */ = {
			isa = PBXGroup;
			children = (
				220F0B091F1F581C0033AD72 /* MJRefreshAutoFooter.h */,
				220F0B0A1F1F581C0033AD72 /* MJRefreshAutoFooter.m */,
				220F0B0B1F1F581C0033AD72 /* MJRefreshBackFooter.h */,
				220F0B0C1F1F581C0033AD72 /* MJRefreshBackFooter.m */,
				220F0B0D1F1F581C0033AD72 /* MJRefreshComponent.h */,
				220F0B0E1F1F581C0033AD72 /* MJRefreshComponent.m */,
				220F0B0F1F1F581C0033AD72 /* MJRefreshFooter.h */,
				220F0B101F1F581C0033AD72 /* MJRefreshFooter.m */,
				220F0B111F1F581C0033AD72 /* MJRefreshHeader.h */,
				220F0B121F1F581C0033AD72 /* MJRefreshHeader.m */,
			);
			path = Base;
			sourceTree = "<group>";
		};
		220F0B131F1F581C0033AD72 /* Custom */ = {
			isa = PBXGroup;
			children = (
				220F0B141F1F581C0033AD72 /* Footer */,
				220F0B231F1F581C0033AD72 /* Header */,
			);
			path = Custom;
			sourceTree = "<group>";
		};
		220F0B141F1F581C0033AD72 /* Footer */ = {
			isa = PBXGroup;
			children = (
				220F0B151F1F581C0033AD72 /* Auto */,
				220F0B1C1F1F581C0033AD72 /* Back */,
			);
			path = Footer;
			sourceTree = "<group>";
		};
		220F0B151F1F581C0033AD72 /* Auto */ = {
			isa = PBXGroup;
			children = (
				220F0B161F1F581C0033AD72 /* MJRefreshAutoGifFooter.h */,
				220F0B171F1F581C0033AD72 /* MJRefreshAutoGifFooter.m */,
				220F0B181F1F581C0033AD72 /* MJRefreshAutoNormalFooter.h */,
				220F0B191F1F581C0033AD72 /* MJRefreshAutoNormalFooter.m */,
				220F0B1A1F1F581C0033AD72 /* MJRefreshAutoStateFooter.h */,
				220F0B1B1F1F581C0033AD72 /* MJRefreshAutoStateFooter.m */,
			);
			path = Auto;
			sourceTree = "<group>";
		};
		220F0B1C1F1F581C0033AD72 /* Back */ = {
			isa = PBXGroup;
			children = (
				220F0B1D1F1F581C0033AD72 /* MJRefreshBackGifFooter.h */,
				220F0B1E1F1F581C0033AD72 /* MJRefreshBackGifFooter.m */,
				220F0B1F1F1F581C0033AD72 /* MJRefreshBackNormalFooter.h */,
				220F0B201F1F581C0033AD72 /* MJRefreshBackNormalFooter.m */,
				220F0B211F1F581C0033AD72 /* MJRefreshBackStateFooter.h */,
				220F0B221F1F581C0033AD72 /* MJRefreshBackStateFooter.m */,
			);
			path = Back;
			sourceTree = "<group>";
		};
		220F0B231F1F581C0033AD72 /* Header */ = {
			isa = PBXGroup;
			children = (
				220F0B241F1F581C0033AD72 /* MJRefreshGifHeader.h */,
				220F0B251F1F581C0033AD72 /* MJRefreshGifHeader.m */,
				220F0B261F1F581C0033AD72 /* MJRefreshNormalHeader.h */,
				220F0B271F1F581C0033AD72 /* MJRefreshNormalHeader.m */,
				220F0B281F1F581C0033AD72 /* MJRefreshStateHeader.h */,
				220F0B291F1F581C0033AD72 /* MJRefreshStateHeader.m */,
			);
			path = Header;
			sourceTree = "<group>";
		};
		220F0B361F1F581C0033AD72 /* RWDropdownMenu */ = {
			isa = PBXGroup;
			children = (
				220F0B371F1F581C0033AD72 /* RWDropdownMenu.h */,
				220F0B381F1F581C0033AD72 /* RWDropdownMenu.m */,
				220F0B391F1F581C0033AD72 /* RWDropdownMenuCell.h */,
				220F0B3A1F1F581C0033AD72 /* RWDropdownMenuCell.m */,
				220F0B3B1F1F581C0033AD72 /* RWDropdownMenuTransitionController.h */,
				220F0B3C1F1F581C0033AD72 /* RWDropdownMenuTransitionController.m */,
			);
			path = RWDropdownMenu;
			sourceTree = "<group>";
		};
		220F0B3D1F1F581C0033AD72 /* SubjectiveCPhotoPanner */ = {
			isa = PBXGroup;
			children = (
				220F0B3E1F1F581C0033AD72 /* SCImagePanScrollBarView.h */,
				220F0B3F1F1F581C0033AD72 /* SCImagePanScrollBarView.m */,
				220F0B401F1F581C0033AD72 /* SCImagePanViewController.h */,
				220F0B411F1F581C0033AD72 /* SCImagePanViewController.m */,
			);
			path = SubjectiveCPhotoPanner;
			sourceTree = "<group>";
		};
		220F0B421F1F581C0033AD72 /* TMReachability */ = {
			isa = PBXGroup;
			children = (
				220F0B431F1F581C0033AD72 /* TMReachability.h */,
				220F0B441F1F581C0033AD72 /* TMReachability.m */,
			);
			path = TMReachability;
			sourceTree = "<group>";
		};
		220F0B451F1F581C0033AD72 /* Base */ = {
			isa = PBXGroup;
			children = (
				220F0B471F1F581C0033AD72 /* BaseTableViewController.swift */,
				220F0B461F1F581C0033AD72 /* BaseNetworkRequest.swift */,
			);
			path = Base;
			sourceTree = "<group>";
		};
		30DE99E4DAD50A9853979150 /* Frameworks */ = {
			isa = PBXGroup;
			children = (
				220F0AC91F1F4BA60033AD72 /* SDWebImage.framework */,
				220F0ABC1F1F44340033AD72 /* Alamofire.framework */,
				220F0ABD1F1F44340033AD72 /* AMScrollingNavbar.framework */,
				220F0ABE1F1F44340033AD72 /* KeychainAccess.framework */,
				220F0ABF1F1F44340033AD72 /* PagingMenuController.framework */,
				220F0AC01F1F44340033AD72 /* PKHUD.framework */,
				220F0AC11F1F44340033AD72 /* SwiftyJSON.framework */,
				605AAC051C5E51B2006B99DE /* SystemConfiguration.framework */,
			);
			name = Frameworks;
			sourceTree = "<group>";
		};
		59D673EFF03A1A917403E114 /* Pods */ = {
			isa = PBXGroup;
			children = (
			);
			name = Pods;
			sourceTree = "<group>";
		};
		6042458F1C1D4F2D00E79919 /* View */ = {
			isa = PBXGroup;
			children = (
				60A497E01C6F07CA008E4AD9 /* Images */,
				60C558761C12E16600956D19 /* Main.storyboard */,
				60C5587B1C12E16600956D19 /* LaunchScreen.storyboard */,
				60C558791C12E16600956D19 /* Assets.xcassets */,
			);
			name = View;
			sourceTree = "<group>";
		};
		604245901C1D4F3F00E79919 /* Others */ = {
			isa = PBXGroup;
			children = (
				60C558721C12E16600956D19 /* AppDelegate.swift */,
				607FC4C71C28FB130046CEF3 /* Spatter-Bridging-Header.h */,
				60C5587E1C12E16600956D19 /* Info.plist */,
				60A497DE1C6EFBF8008E4AD9 /* Localizable.strings */,
			);
			name = Others;
			sourceTree = "<group>";
		};
		60A497E01C6F07CA008E4AD9 /* Images */ = {
			isa = PBXGroup;
			children = (
				60A497F71C6F0DBB008E4AD9 /* loading-black.png */,
				60A497FB1C6F0DDC008E4AD9 /* main-loading.png */,
				60A497FF1C6F0DE8008E4AD9 /* main-loading@2x.png */,
				60A498031C6F0DF1008E4AD9 /* main-loading@3x.png */,
				60A498071C6F0DF7008E4AD9 /* noNetwork.png */,
				60A4980B1C6F0DFF008E4AD9 /* Searching.png */,
				60A4981B1C6F1A34008E4AD9 /* Searching@2x.png */,
				60A4981F1C6F1A3C008E4AD9 /* Searching@3x.png */,
			);
			name = Images;
			sourceTree = "<group>";
		};
		60C558661C12E16600956D19 = {
			isa = PBXGroup;
			children = (
				60C558711C12E16600956D19 /* Spatter */,
				60C558861C12E16600956D19 /* SpatterTests */,
				60C558911C12E16600956D19 /* SpatterUITests */,
				60C558701C12E16600956D19 /* Products */,
				30DE99E4DAD50A9853979150 /* Frameworks */,
				59D673EFF03A1A917403E114 /* Pods */,
			);
			sourceTree = "<group>";
		};
		60C558701C12E16600956D19 /* Products */ = {
			isa = PBXGroup;
			children = (
				60C5586F1C12E16600956D19 /* Spatter.app */,
				60C558831C12E16600956D19 /* SpatterTests.xctest */,
				60C5588E1C12E16600956D19 /* SpatterUITests.xctest */,
			);
			name = Products;
			sourceTree = "<group>";
		};
		60C558711C12E16600956D19 /* Spatter */ = {
			isa = PBXGroup;
			children = (
				220F0B451F1F581C0033AD72 /* Base */,
				220F09C81F1DF4AF0033AD72 /* ViewController */,
				6042458F1C1D4F2D00E79919 /* View */,
				220F0AF81F1F581C0033AD72 /* 3rdLib */,
				604245901C1D4F3F00E79919 /* Others */,
			);
			path = Spatter;
			sourceTree = "<group>";
		};
		60C558861C12E16600956D19 /* SpatterTests */ = {
			isa = PBXGroup;
			children = (
				60C558871C12E16600956D19 /* SpatterTests.swift */,
				60C558891C12E16600956D19 /* Info.plist */,
			);
			path = SpatterTests;
			sourceTree = "<group>";
		};
		60C558911C12E16600956D19 /* SpatterUITests */ = {
			isa = PBXGroup;
			children = (
				60C558921C12E16600956D19 /* SpatterUITests.swift */,
				60C558941C12E16600956D19 /* Info.plist */,
			);
			path = SpatterUITests;
			sourceTree = "<group>";
		};
/* End PBXGroup section */

/* Begin PBXNativeTarget section */
		60C5586E1C12E16600956D19 /* Spatter */ = {
			isa = PBXNativeTarget;
			buildConfigurationList = 60C558971C12E16600956D19 /* Build configuration list for PBXNativeTarget "Spatter" */;
			buildPhases = (
				60C5586B1C12E16600956D19 /* Sources */,
				60C5586C1C12E16600956D19 /* Frameworks */,
				60C5586D1C12E16600956D19 /* Resources */,
				220F0AC81F1F44530033AD72 /* ShellScript */,
			);
			buildRules = (
			);
			dependencies = (
			);
			name = Spatter;
			productName = Spatter;
			productReference = 60C5586F1C12E16600956D19 /* Spatter.app */;
			productType = "com.apple.product-type.application";
		};
		60C558821C12E16600956D19 /* SpatterTests */ = {
			isa = PBXNativeTarget;
			buildConfigurationList = 60C5589A1C12E16600956D19 /* Build configuration list for PBXNativeTarget "SpatterTests" */;
			buildPhases = (
				60C5587F1C12E16600956D19 /* Sources */,
				60C558801C12E16600956D19 /* Frameworks */,
				60C558811C12E16600956D19 /* Resources */,
			);
			buildRules = (
			);
			dependencies = (
				60C558851C12E16600956D19 /* PBXTargetDependency */,
			);
			name = SpatterTests;
			productName = SpatterTests;
			productReference = 60C558831C12E16600956D19 /* SpatterTests.xctest */;
			productType = "com.apple.product-type.bundle.unit-test";
		};
		60C5588D1C12E16600956D19 /* SpatterUITests */ = {
			isa = PBXNativeTarget;
			buildConfigurationList = 60C5589D1C12E16600956D19 /* Build configuration list for PBXNativeTarget "SpatterUITests" */;
			buildPhases = (
				60C5588A1C12E16600956D19 /* Sources */,
				60C5588B1C12E16600956D19 /* Frameworks */,
				60C5588C1C12E16600956D19 /* Resources */,
			);
			buildRules = (
			);
			dependencies = (
				60C558901C12E16600956D19 /* PBXTargetDependency */,
			);
			name = SpatterUITests;
			productName = SpatterUITests;
			productReference = 60C5588E1C12E16600956D19 /* SpatterUITests.xctest */;
			productType = "com.apple.product-type.bundle.ui-testing";
		};
/* End PBXNativeTarget section */

/* Begin PBXProject section */
		60C558671C12E16600956D19 /* Project object */ = {
			isa = PBXProject;
			attributes = {
				LastSwiftUpdateCheck = 0720;
				LastUpgradeCheck = 0900;
				ORGANIZATIONNAME = yuying;
				TargetAttributes = {
					60C5586E1C12E16600956D19 = {
						CreatedOnToolsVersion = 7.1.1;
						DevelopmentTeam = BPBP7M953A;
						LastSwiftMigration = 0900;
						ProvisioningStyle = Automatic;
					};
					60C558821C12E16600956D19 = {
						CreatedOnToolsVersion = 7.1.1;
						LastSwiftMigration = 0900;
						TestTargetID = 60C5586E1C12E16600956D19;
					};
					60C5588D1C12E16600956D19 = {
						CreatedOnToolsVersion = 7.1.1;
						LastSwiftMigration = 0900;
						TestTargetID = 60C5586E1C12E16600956D19;
					};
				};
			};
			buildConfigurationList = 60C5586A1C12E16600956D19 /* Build configuration list for PBXProject "Spatter" */;
			compatibilityVersion = "Xcode 3.2";
			developmentRegion = English;
			hasScannedForEncodings = 0;
			knownRegions = (
				en,
				Base,
				"zh-Hans",
			);
			mainGroup = 60C558661C12E16600956D19;
			productRefGroup = 60C558701C12E16600956D19 /* Products */;
			projectDirPath = "";
			projectRoot = "";
			targets = (
				60C5586E1C12E16600956D19 /* Spatter */,
				60C558821C12E16600956D19 /* SpatterTests */,
				60C5588D1C12E16600956D19 /* SpatterUITests */,
			);
		};
/* End PBXProject section */

/* Begin PBXResourcesBuildPhase section */
		60C5586D1C12E16600956D19 /* Resources */ = {
			isa = PBXResourcesBuildPhase;
			buildActionMask = 2147483647;
			files = (
				60A497DC1C6EFBF8008E4AD9 /* Localizable.strings in Resources */,
				60A498191C6F1A34008E4AD9 /* Searching@2x.png in Resources */,
				60A497F91C6F0DDC008E4AD9 /* main-loading.png in Resources */,
				60A498011C6F0DF1008E4AD9 /* main-loading@3x.png in Resources */,
				60A498051C6F0DF7008E4AD9 /* noNetwork.png in Resources */,
				60C5587D1C12E16600956D19 /* LaunchScreen.storyboard in Resources */,
				60A4981D1C6F1A3C008E4AD9 /* Searching@3x.png in Resources */,
				220F0B5B1F1F581C0033AD72 /* MJRefresh.bundle in Resources */,
				60C5587A1C12E16600956D19 /* Assets.xcassets in Resources */,
				60A498091C6F0DFF008E4AD9 /* Searching.png in Resources */,
				60A497F51C6F0DBB008E4AD9 /* loading-black.png in Resources */,
				60C558781C12E16600956D19 /* Main.storyboard in Resources */,
				60A497FD1C6F0DE8008E4AD9 /* main-loading@2x.png in Resources */,
			);
			runOnlyForDeploymentPostprocessing = 0;
		};
		60C558811C12E16600956D19 /* Resources */ = {
			isa = PBXResourcesBuildPhase;
			buildActionMask = 2147483647;
			files = (
			);
			runOnlyForDeploymentPostprocessing = 0;
		};
		60C5588C1C12E16600956D19 /* Resources */ = {
			isa = PBXResourcesBuildPhase;
			buildActionMask = 2147483647;
			files = (
			);
			runOnlyForDeploymentPostprocessing = 0;
		};
/* End PBXResourcesBuildPhase section */

/* Begin PBXShellScriptBuildPhase section */
		220F0AC81F1F44530033AD72 /* ShellScript */ = {
			isa = PBXShellScriptBuildPhase;
			buildActionMask = 2147483647;
			files = (
			);
			inputPaths = (
				"$(SRCROOT)/Carthage/Build/iOS/Alamofire.framework",
				"$(SRCROOT)/Carthage/Build/iOS/AMScrollingNavbar.framework",
				"$(SRCROOT)/Carthage/Build/iOS/KeychainAccess.framework",
				"$(SRCROOT)/Carthage/Build/iOS/PagingMenuController.framework",
				"$(SRCROOT)/Carthage/Build/iOS/PKHUD.framework",
				"$(SRCROOT)/Carthage/Build/iOS/SwiftyJSON.framework",
				"$(SRCROOT)/Carthage/Build/iOS/SDWebImage.framework",
			);
			outputPaths = (
			);
			runOnlyForDeploymentPostprocessing = 0;
			shellPath = /bin/sh;
			shellScript = "/usr/local/bin/carthage copy-frameworks";
		};
/* End PBXShellScriptBuildPhase section */

/* Begin PBXSourcesBuildPhase section */
		60C5586B1C12E16600956D19 /* Sources */ = {
			isa = PBXSourcesBuildPhase;
			buildActionMask = 2147483647;
			files = (
				220F0B4A1F1F581C0033AD72 /* JDStatusBarNotification.m in Sources */,
				220F0B531F1F581C0033AD72 /* MJRefreshAutoNormalFooter.m in Sources */,
				220F0B681F1F581C0033AD72 /* BaseTableViewController.swift in Sources */,
				220F0B631F1F581C0033AD72 /* RWDropdownMenuTransitionController.m in Sources */,
				220F0B541F1F581C0033AD72 /* MJRefreshAutoStateFooter.m in Sources */,
				220F0B5F1F1F581C0033AD72 /* UIScrollView+MJRefresh.m in Sources */,
				60C558731C12E16600956D19 /* AppDelegate.swift in Sources */,
				220F09D81F1DF4AF0033AD72 /* MainViewController.swift in Sources */,
				220F0B671F1F581C0033AD72 /* BaseNetworkRequest.swift in Sources */,
				220F0B651F1F581C0033AD72 /* SCImagePanViewController.m in Sources */,
				220F0B551F1F581C0033AD72 /* MJRefreshBackGifFooter.m in Sources */,
				220F0B601F1F581C0033AD72 /* UIView+MJExtension.m in Sources */,
				220F0B4E1F1F581C0033AD72 /* MJRefreshBackFooter.m in Sources */,
				220F0B521F1F581C0033AD72 /* MJRefreshAutoGifFooter.m in Sources */,
				220F0B641F1F581C0033AD72 /* SCImagePanScrollBarView.m in Sources */,
				220F0B581F1F581C0033AD72 /* MJRefreshGifHeader.m in Sources */,
				220F09D71F1DF4AF0033AD72 /* AboutViewController.swift in Sources */,
				220F0B4C1F1F581C0033AD72 /* JDStatusBarView.m in Sources */,
				220F0B481F1F581C0033AD72 /* CMPopTipView.m in Sources */,
				220F0B501F1F581C0033AD72 /* MJRefreshFooter.m in Sources */,
				220F0B491F1F581C0033AD72 /* UIScrollView+EmptyDataSet.m in Sources */,
				220F0B4F1F1F581C0033AD72 /* MJRefreshComponent.m in Sources */,
				220F09DA1F1DF4AF0033AD72 /* PostTableViewController.swift in Sources */,
				220F0B5D1F1F581C0033AD72 /* NSBundle+MJRefresh.m in Sources */,
				220F0B591F1F581C0033AD72 /* MJRefreshNormalHeader.m in Sources */,
				220F0B561F1F581C0033AD72 /* MJRefreshBackNormalFooter.m in Sources */,
				220F0B4D1F1F581C0033AD72 /* MJRefreshAutoFooter.m in Sources */,
				220F09DB1F1DF4AF0033AD72 /* ProfileViewController.swift in Sources */,
				220F0B511F1F581C0033AD72 /* MJRefreshHeader.m in Sources */,
				220F09DC1F1DF4AF0033AD72 /* SearchTableViewController.swift in Sources */,
				220F0B5A1F1F581C0033AD72 /* MJRefreshStateHeader.m in Sources */,
				220F0B661F1F581C0033AD72 /* TMReachability.m in Sources */,
				220F0B5E1F1F581C0033AD72 /* UIScrollView+MJExtension.m in Sources */,
				220F0B611F1F581C0033AD72 /* RWDropdownMenu.m in Sources */,
				220F0B571F1F581C0033AD72 /* MJRefreshBackStateFooter.m in Sources */,
				220F0B5C1F1F581C0033AD72 /* MJRefreshConst.m in Sources */,
				220F0B621F1F581C0033AD72 /* RWDropdownMenuCell.m in Sources */,
				220F0B4B1F1F581C0033AD72 /* JDStatusBarStyle.m in Sources */,
				220F09D61F1DF4AF0033AD72 /* DetailViewController.swift in Sources */,
				220F09D91F1DF4AF0033AD72 /* LikedTableViewController.swift in Sources */,
			);
			runOnlyForDeploymentPostprocessing = 0;
		};
		60C5587F1C12E16600956D19 /* Sources */ = {
			isa = PBXSourcesBuildPhase;
			buildActionMask = 2147483647;
			files = (
				60C558881C12E16600956D19 /* SpatterTests.swift in Sources */,
			);
			runOnlyForDeploymentPostprocessing = 0;
		};
		60C5588A1C12E16600956D19 /* Sources */ = {
			isa = PBXSourcesBuildPhase;
			buildActionMask = 2147483647;
			files = (
				60C558931C12E16600956D19 /* SpatterUITests.swift in Sources */,
			);
			runOnlyForDeploymentPostprocessing = 0;
		};
/* End PBXSourcesBuildPhase section */

/* Begin PBXTargetDependency section */
		60C558851C12E16600956D19 /* PBXTargetDependency */ = {
			isa = PBXTargetDependency;
			target = 60C5586E1C12E16600956D19 /* Spatter */;
			targetProxy = 60C558841C12E16600956D19 /* PBXContainerItemProxy */;
		};
		60C558901C12E16600956D19 /* PBXTargetDependency */ = {
			isa = PBXTargetDependency;
			target = 60C5586E1C12E16600956D19 /* Spatter */;
			targetProxy = 60C5588F1C12E16600956D19 /* PBXContainerItemProxy */;
		};
/* End PBXTargetDependency section */

/* Begin PBXVariantGroup section */
		60A497DE1C6EFBF8008E4AD9 /* Localizable.strings */ = {
			isa = PBXVariantGroup;
			children = (
				60A497DD1C6EFBF8008E4AD9 /* en */,
				60A497DF1C6EFBFA008E4AD9 /* zh-Hans */,
			);
			name = Localizable.strings;
			sourceTree = "<group>";
		};
		60A497F71C6F0DBB008E4AD9 /* loading-black.png */ = {
			isa = PBXVariantGroup;
			children = (
				60A497F61C6F0DBB008E4AD9 /* en */,
				60A497F81C6F0DBD008E4AD9 /* zh-Hans */,
			);
			name = "loading-black.png";
			sourceTree = "<group>";
		};
		60A497FB1C6F0DDC008E4AD9 /* main-loading.png */ = {
			isa = PBXVariantGroup;
			children = (
				60A497FA1C6F0DDC008E4AD9 /* en */,
				60A497FC1C6F0DDE008E4AD9 /* zh-Hans */,
			);
			name = "main-loading.png";
			sourceTree = "<group>";
		};
		60A497FF1C6F0DE8008E4AD9 /* main-loading@2x.png */ = {
			isa = PBXVariantGroup;
			children = (
				60A497FE1C6F0DE8008E4AD9 /* en */,
				60A498001C6F0DEB008E4AD9 /* zh-Hans */,
			);
			name = "main-loading@2x.png";
			sourceTree = "<group>";
		};
		60A498031C6F0DF1008E4AD9 /* main-loading@3x.png */ = {
			isa = PBXVariantGroup;
			children = (
				60A498021C6F0DF1008E4AD9 /* en */,
				60A498041C6F0DF2008E4AD9 /* zh-Hans */,
			);
			name = "main-loading@3x.png";
			sourceTree = "<group>";
		};
		60A498071C6F0DF7008E4AD9 /* noNetwork.png */ = {
			isa = PBXVariantGroup;
			children = (
				60A498061C6F0DF7008E4AD9 /* en */,
				60A498081C6F0DF9008E4AD9 /* zh-Hans */,
			);
			name = noNetwork.png;
			sourceTree = "<group>";
		};
		60A4980B1C6F0DFF008E4AD9 /* Searching.png */ = {
			isa = PBXVariantGroup;
			children = (
				60A4980A1C6F0DFF008E4AD9 /* en */,
				60A4980C1C6F0E00008E4AD9 /* zh-Hans */,
			);
			name = Searching.png;
			sourceTree = "<group>";
		};
		60A4981B1C6F1A34008E4AD9 /* Searching@2x.png */ = {
			isa = PBXVariantGroup;
			children = (
				60A4981A1C6F1A34008E4AD9 /* en */,
				60A4981C1C6F1A36008E4AD9 /* zh-Hans */,
			);
			name = "Searching@2x.png";
			sourceTree = "<group>";
		};
		60A4981F1C6F1A3C008E4AD9 /* Searching@3x.png */ = {
			isa = PBXVariantGroup;
			children = (
				60A4981E1C6F1A3C008E4AD9 /* en */,
				60A498201C6F1A3D008E4AD9 /* zh-Hans */,
			);
			name = "Searching@3x.png";
			sourceTree = "<group>";
		};
		60C558761C12E16600956D19 /* Main.storyboard */ = {
			isa = PBXVariantGroup;
			children = (
				60C558771C12E16600956D19 /* Base */,
				60A497D91C6EFABB008E4AD9 /* zh-Hans */,
			);
			name = Main.storyboard;
			sourceTree = "<group>";
		};
		60C5587B1C12E16600956D19 /* LaunchScreen.storyboard */ = {
			isa = PBXVariantGroup;
			children = (
				60C5587C1C12E16600956D19 /* Base */,
			);
			name = LaunchScreen.storyboard;
			sourceTree = "<group>";
		};
/* End PBXVariantGroup section */

/* Begin XCBuildConfiguration section */
		60C558951C12E16600956D19 /* Debug */ = {
			isa = XCBuildConfiguration;
			buildSettings = {
				ALWAYS_SEARCH_USER_PATHS = NO;
				CLANG_ANALYZER_LOCALIZABILITY_NONLOCALIZED = YES;
				CLANG_CXX_LANGUAGE_STANDARD = "gnu++0x";
				CLANG_CXX_LIBRARY = "libc++";
				CLANG_ENABLE_MODULES = YES;
				CLANG_ENABLE_OBJC_ARC = YES;
				CLANG_WARN_BLOCK_CAPTURE_AUTORELEASING = YES;
				CLANG_WARN_BOOL_CONVERSION = YES;
				CLANG_WARN_COMMA = YES;
				CLANG_WARN_CONSTANT_CONVERSION = YES;
				CLANG_WARN_DIRECT_OBJC_ISA_USAGE = YES_ERROR;
				CLANG_WARN_EMPTY_BODY = YES;
				CLANG_WARN_ENUM_CONVERSION = YES;
				CLANG_WARN_INFINITE_RECURSION = YES;
				CLANG_WARN_INT_CONVERSION = YES;
				CLANG_WARN_NON_LITERAL_NULL_CONVERSION = YES;
				CLANG_WARN_OBJC_LITERAL_CONVERSION = YES;
				CLANG_WARN_OBJC_ROOT_CLASS = YES_ERROR;
				CLANG_WARN_RANGE_LOOP_ANALYSIS = YES;
				CLANG_WARN_STRICT_PROTOTYPES = YES;
				CLANG_WARN_SUSPICIOUS_MOVE = YES;
				CLANG_WARN_UNREACHABLE_CODE = YES;
				CLANG_WARN__DUPLICATE_METHOD_MATCH = YES;
				"CODE_SIGN_IDENTITY[sdk=iphoneos*]" = "iPhone Developer";
				COPY_PHASE_STRIP = NO;
				DEBUG_INFORMATION_FORMAT = dwarf;
				ENABLE_STRICT_OBJC_MSGSEND = YES;
				ENABLE_TESTABILITY = YES;
				GCC_C_LANGUAGE_STANDARD = gnu99;
				GCC_DYNAMIC_NO_PIC = NO;
				GCC_NO_COMMON_BLOCKS = YES;
				GCC_OPTIMIZATION_LEVEL = 0;
				GCC_PREPROCESSOR_DEFINITIONS = (
					"DEBUG=1",
					"$(inherited)",
				);
				GCC_WARN_64_TO_32_BIT_CONVERSION = YES;
				GCC_WARN_ABOUT_RETURN_TYPE = YES_ERROR;
				GCC_WARN_UNDECLARED_SELECTOR = YES;
				GCC_WARN_UNINITIALIZED_AUTOS = YES_AGGRESSIVE;
				GCC_WARN_UNUSED_FUNCTION = YES;
				GCC_WARN_UNUSED_VARIABLE = YES;
				IPHONEOS_DEPLOYMENT_TARGET = 9.0;
				MTL_ENABLE_DEBUG_INFO = YES;
				ONLY_ACTIVE_ARCH = YES;
				SDKROOT = iphoneos;
				SWIFT_OPTIMIZATION_LEVEL = "-Onone";
			};
			name = Debug;
		};
		60C558961C12E16600956D19 /* Release */ = {
			isa = XCBuildConfiguration;
			buildSettings = {
				ALWAYS_SEARCH_USER_PATHS = NO;
				CLANG_ANALYZER_LOCALIZABILITY_NONLOCALIZED = YES;
				CLANG_CXX_LANGUAGE_STANDARD = "gnu++0x";
				CLANG_CXX_LIBRARY = "libc++";
				CLANG_ENABLE_MODULES = YES;
				CLANG_ENABLE_OBJC_ARC = YES;
				CLANG_WARN_BLOCK_CAPTURE_AUTORELEASING = YES;
				CLANG_WARN_BOOL_CONVERSION = YES;
				CLANG_WARN_COMMA = YES;
				CLANG_WARN_CONSTANT_CONVERSION = YES;
				CLANG_WARN_DIRECT_OBJC_ISA_USAGE = YES_ERROR;
				CLANG_WARN_EMPTY_BODY = YES;
				CLANG_WARN_ENUM_CONVERSION = YES;
				CLANG_WARN_INFINITE_RECURSION = YES;
				CLANG_WARN_INT_CONVERSION = YES;
				CLANG_WARN_NON_LITERAL_NULL_CONVERSION = YES;
				CLANG_WARN_OBJC_LITERAL_CONVERSION = YES;
				CLANG_WARN_OBJC_ROOT_CLASS = YES_ERROR;
				CLANG_WARN_RANGE_LOOP_ANALYSIS = YES;
				CLANG_WARN_STRICT_PROTOTYPES = YES;
				CLANG_WARN_SUSPICIOUS_MOVE = YES;
				CLANG_WARN_UNREACHABLE_CODE = YES;
				CLANG_WARN__DUPLICATE_METHOD_MATCH = YES;
				"CODE_SIGN_IDENTITY[sdk=iphoneos*]" = "iPhone Developer";
				COPY_PHASE_STRIP = NO;
				DEBUG_INFORMATION_FORMAT = "dwarf-with-dsym";
				ENABLE_NS_ASSERTIONS = NO;
				ENABLE_STRICT_OBJC_MSGSEND = YES;
				GCC_C_LANGUAGE_STANDARD = gnu99;
				GCC_NO_COMMON_BLOCKS = YES;
				GCC_WARN_64_TO_32_BIT_CONVERSION = YES;
				GCC_WARN_ABOUT_RETURN_TYPE = YES_ERROR;
				GCC_WARN_UNDECLARED_SELECTOR = YES;
				GCC_WARN_UNINITIALIZED_AUTOS = YES_AGGRESSIVE;
				GCC_WARN_UNUSED_FUNCTION = YES;
				GCC_WARN_UNUSED_VARIABLE = YES;
				IPHONEOS_DEPLOYMENT_TARGET = 9.0;
				MTL_ENABLE_DEBUG_INFO = NO;
				SDKROOT = iphoneos;
				SWIFT_OPTIMIZATION_LEVEL = "-Owholemodule";
				VALIDATE_PRODUCT = YES;
			};
			name = Release;
		};
		60C558981C12E16600956D19 /* Debug */ = {
			isa = XCBuildConfiguration;
			buildSettings = {
				ALWAYS_EMBED_SWIFT_STANDARD_LIBRARIES = YES;
				ASSETCATALOG_COMPILER_APPICON_NAME = AppIcon;
				ASSETCATALOG_COMPILER_LAUNCHIMAGE_NAME = LaunchImage;
				CLANG_ENABLE_MODULES = YES;
				CODE_SIGN_IDENTITY = "iPhone Developer: Ying Yu (YMZRJC6227)";
				"CODE_SIGN_IDENTITY[sdk=iphoneos*]" = "iPhone Developer";
				DEVELOPMENT_TEAM = "";
				FRAMEWORK_SEARCH_PATHS = (
					"$(inherited)",
					"$(PROJECT_DIR)/Carthage/Build/iOS",
				);
				INFOPLIST_FILE = Spatter/Info.plist;
				IPHONEOS_DEPLOYMENT_TARGET = 9.0;
				LD_RUNPATH_SEARCH_PATHS = "$(inherited) @executable_path/Frameworks";
				ONLY_ACTIVE_ARCH = YES;
				PRODUCT_BUNDLE_IDENTIFIER = com.yuying.spatter.unsplash;
				PRODUCT_NAME = "$(TARGET_NAME)";
				PROVISIONING_PROFILE = "";
				PROVISIONING_PROFILE_SPECIFIER = "";
				SWIFT_OBJC_BRIDGING_HEADER = "Spatter/Spatter-Bridging-Header.h";
				SWIFT_OPTIMIZATION_LEVEL = "-Onone";
				SWIFT_SWIFT3_OBJC_INFERENCE = Off;
				SWIFT_VERSION = 4.0;
			};
			name = Debug;
		};
		60C558991C12E16600956D19 /* Release */ = {
			isa = XCBuildConfiguration;
			buildSettings = {
				ALWAYS_EMBED_SWIFT_STANDARD_LIBRARIES = YES;
				ASSETCATALOG_COMPILER_APPICON_NAME = AppIcon;
				ASSETCATALOG_COMPILER_LAUNCHIMAGE_NAME = LaunchImage;
				CLANG_ENABLE_MODULES = YES;
				CODE_SIGN_IDENTITY = "iPhone Developer: Ying Yu (YMZRJC6227)";
				"CODE_SIGN_IDENTITY[sdk=iphoneos*]" = "iPhone Developer";
				DEVELOPMENT_TEAM = "";
				FRAMEWORK_SEARCH_PATHS = (
					"$(inherited)",
					"$(PROJECT_DIR)/Carthage/Build/iOS",
				);
				INFOPLIST_FILE = Spatter/Info.plist;
				IPHONEOS_DEPLOYMENT_TARGET = 9.0;
				LD_RUNPATH_SEARCH_PATHS = "$(inherited) @executable_path/Frameworks";
				PRODUCT_BUNDLE_IDENTIFIER = com.yuying.spatter.unsplash;
				PRODUCT_NAME = "$(TARGET_NAME)";
				PROVISIONING_PROFILE = "";
				PROVISIONING_PROFILE_SPECIFIER = "";
				SWIFT_OBJC_BRIDGING_HEADER = "Spatter/Spatter-Bridging-Header.h";
				SWIFT_SWIFT3_OBJC_INFERENCE = Off;
				SWIFT_VERSION = 4.0;
			};
			name = Release;
		};
		60C5589B1C12E16600956D19 /* Debug */ = {
			isa = XCBuildConfiguration;
			buildSettings = {
				BUNDLE_LOADER = "$(TEST_HOST)";
				INFOPLIST_FILE = SpatterTests/Info.plist;
				LD_RUNPATH_SEARCH_PATHS = "$(inherited) @executable_path/Frameworks @loader_path/Frameworks";
				PRODUCT_BUNDLE_IDENTIFIER = com.yuying.SpatterTests;
				PRODUCT_NAME = "$(TARGET_NAME)";
				SWIFT_SWIFT3_OBJC_INFERENCE = On;
				SWIFT_VERSION = 4.0;
				TEST_HOST = "$(BUILT_PRODUCTS_DIR)/Spatter.app/Spatter";
			};
			name = Debug;
		};
		60C5589C1C12E16600956D19 /* Release */ = {
			isa = XCBuildConfiguration;
			buildSettings = {
				BUNDLE_LOADER = "$(TEST_HOST)";
				INFOPLIST_FILE = SpatterTests/Info.plist;
				LD_RUNPATH_SEARCH_PATHS = "$(inherited) @executable_path/Frameworks @loader_path/Frameworks";
				PRODUCT_BUNDLE_IDENTIFIER = com.yuying.SpatterTests;
				PRODUCT_NAME = "$(TARGET_NAME)";
				SWIFT_SWIFT3_OBJC_INFERENCE = On;
				SWIFT_VERSION = 4.0;
				TEST_HOST = "$(BUILT_PRODUCTS_DIR)/Spatter.app/Spatter";
			};
			name = Release;
		};
		60C5589E1C12E16600956D19 /* Debug */ = {
			isa = XCBuildConfiguration;
			buildSettings = {
				INFOPLIST_FILE = SpatterUITests/Info.plist;
				LD_RUNPATH_SEARCH_PATHS = "$(inherited) @executable_path/Frameworks @loader_path/Frameworks";
				PRODUCT_BUNDLE_IDENTIFIER = com.yuying.SpatterUITests;
				PRODUCT_NAME = "$(TARGET_NAME)";
				SWIFT_SWIFT3_OBJC_INFERENCE = On;
				SWIFT_VERSION = 4.0;
				TEST_TARGET_NAME = Spatter;
				USES_XCTRUNNER = YES;
			};
			name = Debug;
		};
		60C5589F1C12E16600956D19 /* Release */ = {
			isa = XCBuildConfiguration;
			buildSettings = {
				INFOPLIST_FILE = SpatterUITests/Info.plist;
				LD_RUNPATH_SEARCH_PATHS = "$(inherited) @executable_path/Frameworks @loader_path/Frameworks";
				PRODUCT_BUNDLE_IDENTIFIER = com.yuying.SpatterUITests;
				PRODUCT_NAME = "$(TARGET_NAME)";
				SWIFT_SWIFT3_OBJC_INFERENCE = On;
				SWIFT_VERSION = 4.0;
				TEST_TARGET_NAME = Spatter;
				USES_XCTRUNNER = YES;
			};
			name = Release;
		};
/* End XCBuildConfiguration section */

/* Begin XCConfigurationList section */
		60C5586A1C12E16600956D19 /* Build configuration list for PBXProject "Spatter" */ = {
			isa = XCConfigurationList;
			buildConfigurations = (
				60C558951C12E16600956D19 /* Debug */,
				60C558961C12E16600956D19 /* Release */,
			);
			defaultConfigurationIsVisible = 0;
			defaultConfigurationName = Release;
		};
		60C558971C12E16600956D19 /* Build configuration list for PBXNativeTarget "Spatter" */ = {
			isa = XCConfigurationList;
			buildConfigurations = (
				60C558981C12E16600956D19 /* Debug */,
				60C558991C12E16600956D19 /* Release */,
			);
			defaultConfigurationIsVisible = 0;
			defaultConfigurationName = Release;
		};
		60C5589A1C12E16600956D19 /* Build configuration list for PBXNativeTarget "SpatterTests" */ = {
			isa = XCConfigurationList;
			buildConfigurations = (
				60C5589B1C12E16600956D19 /* Debug */,
				60C5589C1C12E16600956D19 /* Release */,
			);
			defaultConfigurationIsVisible = 0;
			defaultConfigurationName = Release;
		};
		60C5589D1C12E16600956D19 /* Build configuration list for PBXNativeTarget "SpatterUITests" */ = {
			isa = XCConfigurationList;
			buildConfigurations = (
				60C5589E1C12E16600956D19 /* Debug */,
				60C5589F1C12E16600956D19 /* Release */,
			);
			defaultConfigurationIsVisible = 0;
			defaultConfigurationName = Release;
		};
/* End XCConfigurationList section */
	};
	rootObject = 60C558671C12E16600956D19 /* Project object */;
}
